// !$*UTF8*$!
{
	archiveVersion = 1;
	classes = {
	};
	objectVersion = 50;
	objects = {

/* Begin PBXBuildFile section */
		A70478C623A42DF6001AD82E /* EditOverlayUITests.swift in Sources */ = {isa = PBXBuildFile; fileRef = A70478C523A42DF6001AD82E /* EditOverlayUITests.swift */; };
		A706C36124202C2800F50D8A /* DiscountViewModelTests.swift in Sources */ = {isa = PBXBuildFile; fileRef = A706C36024202C2800F50D8A /* DiscountViewModelTests.swift */; };
		A706C363242042DB00F50D8A /* DiscountPopoverViewModelTests.swift in Sources */ = {isa = PBXBuildFile; fileRef = A706C362242042DB00F50D8A /* DiscountPopoverViewModelTests.swift */; };
		A708403523DCEE5000C91DEC /* SumResult.swift in Sources */ = {isa = PBXBuildFile; fileRef = A708403423DCEE5000C91DEC /* SumResult.swift */; };
		A708403723DCEEAB00C91DEC /* SumResultTests.swift in Sources */ = {isa = PBXBuildFile; fileRef = A708403623DCEEAB00C91DEC /* SumResultTests.swift */; };
		A716602D23E639DF005329F6 /* UUIDExtensions.swift in Sources */ = {isa = PBXBuildFile; fileRef = A716602C23E639DF005329F6 /* UUIDExtensions.swift */; };
		A719DC922422E296008795DB /* DeciamlParserTests.swift in Sources */ = {isa = PBXBuildFile; fileRef = A719DC912422E296008795DB /* DeciamlParserTests.swift */; };
		A72B1A5923C2935100E09786 /* BillsDivider_Model.framework in Frameworks */ = {isa = PBXBuildFile; fileRef = A72B1A5023C2935100E09786 /* BillsDivider_Model.framework */; };
		A72B1A6223C2935100E09786 /* BillsDivider_Model.h in Headers */ = {isa = PBXBuildFile; fileRef = A72B1A5223C2935100E09786 /* BillsDivider_Model.h */; settings = {ATTRIBUTES = (Public, ); }; };
		A72B1A6523C2935100E09786 /* BillsDivider_Model.framework in Frameworks */ = {isa = PBXBuildFile; fileRef = A72B1A5023C2935100E09786 /* BillsDivider_Model.framework */; };
		A72B1A6623C2935100E09786 /* BillsDivider_Model.framework in Embed Frameworks */ = {isa = PBXBuildFile; fileRef = A72B1A5023C2935100E09786 /* BillsDivider_Model.framework */; settings = {ATTRIBUTES = (CodeSignOnCopy, RemoveHeadersOnCopy, ); }; };
		A72B1A7323C293C400E09786 /* NumberFormatterExtensions.swift in Sources */ = {isa = PBXBuildFile; fileRef = A7B7DE5C238C7B9B00D38BC8 /* NumberFormatterExtensions.swift */; };
		A7346B4423DE2F22000AA8F1 /* SettingsView.swift in Sources */ = {isa = PBXBuildFile; fileRef = A7346B4323DE2F22000AA8F1 /* SettingsView.swift */; };
		A736A1982369DAFF0096C2E1 /* ReceiptHeaderView.swift in Sources */ = {isa = PBXBuildFile; fileRef = A736A1972369DAFF0096C2E1 /* ReceiptHeaderView.swift */; };
		A736A1A22369EB5D0096C2E1 /* TabsView.swift in Sources */ = {isa = PBXBuildFile; fileRef = A736A1A12369EB5D0096C2E1 /* TabsView.swift */; };
		A7385B5B239C696F00A41C09 /* TabBarPage.swift in Sources */ = {isa = PBXBuildFile; fileRef = A7385B5A239C696F00A41C09 /* TabBarPage.swift */; };
		A7385B5D239C6A1B00A41C09 /* TabsUITests.swift in Sources */ = {isa = PBXBuildFile; fileRef = A7385B5C239C6A1B00A41C09 /* TabsUITests.swift */; };
		A73E85FF23C939A000FAF4FA /* DependencyContainer.swift in Sources */ = {isa = PBXBuildFile; fileRef = A73E85FE23C939A000FAF4FA /* DependencyContainer.swift */; };
		A73E860123C94B5800FAF4FA /* TabItem.swift in Sources */ = {isa = PBXBuildFile; fileRef = A73E860023C94B5800FAF4FA /* TabItem.swift */; };
		A743338C2415BACC003979BB /* DiscountSectionView.swift in Sources */ = {isa = PBXBuildFile; fileRef = A743338B2415BACC003979BB /* DiscountSectionView.swift */; };
		A7479BB523E628D50016C12A /* PersonColorsTests.swift in Sources */ = {isa = PBXBuildFile; fileRef = A7479BB423E628D50016C12A /* PersonColorsTests.swift */; };
		A7479BB723E628F60016C12A /* PersonColors.swift in Sources */ = {isa = PBXBuildFile; fileRef = A7479BB623E628F60016C12A /* PersonColors.swift */; };
		A7479BB923E6291A0016C12A /* BDColor.swift in Sources */ = {isa = PBXBuildFile; fileRef = A7479BB823E6291A0016C12A /* BDColor.swift */; };
		A7550E7B239BD7E60004797D /* ReceiptPage.swift in Sources */ = {isa = PBXBuildFile; fileRef = A7550E7A239BD7E60004797D /* ReceiptPage.swift */; };
		A7550E7D239BD8050004797D /* Page.swift in Sources */ = {isa = PBXBuildFile; fileRef = A7550E7C239BD8050004797D /* Page.swift */; };
		A7550E7F239BDE3D0004797D /* SummaryPage.swift in Sources */ = {isa = PBXBuildFile; fileRef = A7550E7E239BDE3D0004797D /* SummaryPage.swift */; };
		A7550E81239BDE6D0004797D /* EditOverlayPage.swift in Sources */ = {isa = PBXBuildFile; fileRef = A7550E80239BDE6D0004797D /* EditOverlayPage.swift */; };
		A763FFC623CA9D9300D489EA /* PeopleServiceFactory.swift in Sources */ = {isa = PBXBuildFile; fileRef = A763FFC523CA9D9300D489EA /* PeopleServiceFactory.swift */; };
		A76AF8C223E38A910064551D /* PersonViewModel.swift in Sources */ = {isa = PBXBuildFile; fileRef = A76AF8C123E38A910064551D /* PersonViewModel.swift */; };
		A774361D239AB696008F53B5 /* ReceiptUITests.swift in Sources */ = {isa = PBXBuildFile; fileRef = A774361C239AB696008F53B5 /* ReceiptUITests.swift */; };
		A7788B4723B3991A0059EB71 /* ReceiptView.swift in Sources */ = {isa = PBXBuildFile; fileRef = A7788B4623B3991A0059EB71 /* ReceiptView.swift */; };
		A77D54CB23819255003D7E9D /* PriceSectionView.swift in Sources */ = {isa = PBXBuildFile; fileRef = A77D54CA23819255003D7E9D /* PriceSectionView.swift */; };
		A77FE85023F362D000354030 /* PersonViewModelTests.swift in Sources */ = {isa = PBXBuildFile; fileRef = A77FE84F23F362D000354030 /* PersonViewModelTests.swift */; };
		A7820836241EE1B200E4DB1C /* PriceViewModelTests.swift in Sources */ = {isa = PBXBuildFile; fileRef = A7820835241EE1B200E4DB1C /* PriceViewModelTests.swift */; };
		A7873D2F23A83C3D008C9552 /* SettingsPage.swift in Sources */ = {isa = PBXBuildFile; fileRef = A7873D2E23A83C3D008C9552 /* SettingsPage.swift */; };
		A797D64A23C365C1002D550F /* Owner.swift in Sources */ = {isa = PBXBuildFile; fileRef = A797D64623C365C1002D550F /* Owner.swift */; };
		A797D64B23C365C1002D550F /* Person.swift in Sources */ = {isa = PBXBuildFile; fileRef = A797D64723C365C1002D550F /* Person.swift */; };
		A797D64C23C365C1002D550F /* Buyer.swift in Sources */ = {isa = PBXBuildFile; fileRef = A797D64823C365C1002D550F /* Buyer.swift */; };
		A797D64D23C365C1002D550F /* ReceiptPositions.swift in Sources */ = {isa = PBXBuildFile; fileRef = A797D64923C365C1002D550F /* ReceiptPositions.swift */; };
		A797D65023C36605002D550F /* PositionsDivider.swift in Sources */ = {isa = PBXBuildFile; fileRef = A797D64F23C36605002D550F /* PositionsDivider.swift */; };
		A797D65323C36642002D550F /* DivisionResult.swift in Sources */ = {isa = PBXBuildFile; fileRef = A797D65223C36642002D550F /* DivisionResult.swift */; };
		A797D65A23C36706002D550F /* DivisionResultTests.swift in Sources */ = {isa = PBXBuildFile; fileRef = A797D65923C36706002D550F /* DivisionResultTests.swift */; };
		A797D65C23C3670C002D550F /* PositionsDividerTests.swift in Sources */ = {isa = PBXBuildFile; fileRef = A797D65B23C3670C002D550F /* PositionsDividerTests.swift */; };
		A797D66123C3671C002D550F /* PersonTests.swift in Sources */ = {isa = PBXBuildFile; fileRef = A797D65D23C3671C002D550F /* PersonTests.swift */; };
		A797D66223C3671C002D550F /* BuyerTests.swift in Sources */ = {isa = PBXBuildFile; fileRef = A797D65E23C3671C002D550F /* BuyerTests.swift */; };
		A797D66323C3671C002D550F /* OwnerTests.swift in Sources */ = {isa = PBXBuildFile; fileRef = A797D65F23C3671C002D550F /* OwnerTests.swift */; };
		A797D66423C3671C002D550F /* ReceiptPositionTests.swift in Sources */ = {isa = PBXBuildFile; fileRef = A797D66023C3671C002D550F /* ReceiptPositionTests.swift */; };
		A797D66523C36936002D550F /* CoreDataStack.swift in Sources */ = {isa = PBXBuildFile; fileRef = A754170623A05537008DB5F7 /* CoreDataStack.swift */; };
		A797D66623C36936002D550F /* InMemoryCoreDataStack.swift in Sources */ = {isa = PBXBuildFile; fileRef = A78B1B8F239EB14C006A1B91 /* InMemoryCoreDataStack.swift */; };
		A797D66723C36936002D550F /* SqliteCoreDataStack.swift in Sources */ = {isa = PBXBuildFile; fileRef = A78B1B8D239EB12F006A1B91 /* SqliteCoreDataStack.swift */; };
		A797D67323C36E42002D550F /* PeopleService.swift in Sources */ = {isa = PBXBuildFile; fileRef = A7705B9523AD868F0073D8E8 /* PeopleService.swift */; };
		A797D67423C36E4A002D550F /* InMemoryPeopleService.swift in Sources */ = {isa = PBXBuildFile; fileRef = A7F3D4FF23AFF9F100B9AD14 /* InMemoryPeopleService.swift */; };
		A797D67623C36EED002D550F /* InMemoryPeopleServiceTests.swift in Sources */ = {isa = PBXBuildFile; fileRef = A7705B9723AD86E70073D8E8 /* InMemoryPeopleServiceTests.swift */; };
		A797D67823C36F74002D550F /* InMemoryReceiptPositionService.swift in Sources */ = {isa = PBXBuildFile; fileRef = A7788B5123B3B6FD0059EB71 /* InMemoryReceiptPositionService.swift */; };
		A797D67923C36F79002D550F /* ReceiptPositionService.swift in Sources */ = {isa = PBXBuildFile; fileRef = A7788B4F23B3B6CE0059EB71 /* ReceiptPositionService.swift */; };
		A797D67B23C37081002D550F /* InMemoryReceiptPositionServiceTests.swift in Sources */ = {isa = PBXBuildFile; fileRef = A77ACA9A23C1309800F9335D /* InMemoryReceiptPositionServiceTests.swift */; };
		A797D67C23C370F1002D550F /* CoreDataPeopleService.swift in Sources */ = {isa = PBXBuildFile; fileRef = A7AC988923B6D788003D8AE6 /* CoreDataPeopleService.swift */; };
		A797D67D23C3711A002D550F /* BillsDivider.xcdatamodeld in Sources */ = {isa = PBXBuildFile; fileRef = A7FED234235CEF8B00CCD069 /* BillsDivider.xcdatamodeld */; };
		A797D67E23C3712B002D550F /* ReceiptPosition+CoreData.swift in Sources */ = {isa = PBXBuildFile; fileRef = A732E903239FC47600B1D0B7 /* ReceiptPosition+CoreData.swift */; };
		A797D67F23C3712B002D550F /* Person+CoreData.swift in Sources */ = {isa = PBXBuildFile; fileRef = A7A4189823B819CC00436CBE /* Person+CoreData.swift */; };
		A797D68023C37157002D550F /* CoreDataReceiptPositionService.swift in Sources */ = {isa = PBXBuildFile; fileRef = A7794C38239D52E90001EB73 /* CoreDataReceiptPositionService.swift */; };
		A797D68123C371F6002D550F /* CoreDataPeopleServiceTests.swift in Sources */ = {isa = PBXBuildFile; fileRef = A77ACA9823C11EB200F9335D /* CoreDataPeopleServiceTests.swift */; };
		A797D68223C371FB002D550F /* CoreDataReceiptPositionServiceTests.swift in Sources */ = {isa = PBXBuildFile; fileRef = A75B79C4239EE4B000C740BB /* CoreDataReceiptPositionServiceTests.swift */; };
		A797D68423C373A9002D550F /* Person+CoreDataTests.swift in Sources */ = {isa = PBXBuildFile; fileRef = A7C50A9523C00F760088DF12 /* Person+CoreDataTests.swift */; };
		A797D68523C373AD002D550F /* ReceiptPosition+CoreDataTests.swift in Sources */ = {isa = PBXBuildFile; fileRef = A7C50A9723C016760088DF12 /* ReceiptPosition+CoreDataTests.swift */; };
		A797D69423C376FA002D550F /* BillsDivider_ViewModel.framework in Frameworks */ = {isa = PBXBuildFile; fileRef = A797D68B23C376FA002D550F /* BillsDivider_ViewModel.framework */; };
		A797D69D23C376FA002D550F /* BillsDivider_ViewModel.h in Headers */ = {isa = PBXBuildFile; fileRef = A797D68D23C376FA002D550F /* BillsDivider_ViewModel.h */; settings = {ATTRIBUTES = (Public, ); }; };
		A797D6A023C376FA002D550F /* BillsDivider_ViewModel.framework in Frameworks */ = {isa = PBXBuildFile; fileRef = A797D68B23C376FA002D550F /* BillsDivider_ViewModel.framework */; };
		A797D6A123C376FA002D550F /* BillsDivider_ViewModel.framework in Embed Frameworks */ = {isa = PBXBuildFile; fileRef = A797D68B23C376FA002D550F /* BillsDivider_ViewModel.framework */; settings = {ATTRIBUTES = (CodeSignOnCopy, RemoveHeadersOnCopy, ); }; };
		A797D6A823C37714002D550F /* SummaryViewModel.swift in Sources */ = {isa = PBXBuildFile; fileRef = A7B7DE57238C5F1600D38BC8 /* SummaryViewModel.swift */; };
		A797D6A923C37714002D550F /* ReceiptViewModel.swift in Sources */ = {isa = PBXBuildFile; fileRef = A7788B4423B398DD0059EB71 /* ReceiptViewModel.swift */; };
		A797D6AA23C37714002D550F /* SettingsViewModel.swift in Sources */ = {isa = PBXBuildFile; fileRef = A75443C223A94A0F00A8775E /* SettingsViewModel.swift */; };
		A797D6AC23C3774D002D550F /* EditOverlayViewModel.swift in Sources */ = {isa = PBXBuildFile; fileRef = A774B1DD23B57F97005A868E /* EditOverlayViewModel.swift */; };
		A797D6AD23C37752002D550F /* AddingModeState.swift in Sources */ = {isa = PBXBuildFile; fileRef = A7AC987F23B69C81003D8AE6 /* AddingModeState.swift */; };
		A797D6AE23C37752002D550F /* EditingModeState.swift in Sources */ = {isa = PBXBuildFile; fileRef = A7AC988123B69CDB003D8AE6 /* EditingModeState.swift */; };
		A797D6AF23C37752002D550F /* EditOverlayState.swift in Sources */ = {isa = PBXBuildFile; fileRef = A7AC987D23B69C5B003D8AE6 /* EditOverlayState.swift */; };
		A797D6B923C377EF002D550F /* EditOverlayViewFactory.swift in Sources */ = {isa = PBXBuildFile; fileRef = A7B7DE5F238C805600D38BC8 /* EditOverlayViewFactory.swift */; };
		A797D6BA23C379B8002D550F /* ReceiptViewModelTests.swift in Sources */ = {isa = PBXBuildFile; fileRef = A76FF43523BD40F9000D584F /* ReceiptViewModelTests.swift */; };
		A797D6BB23C379B8002D550F /* SettingsViewModelTests.swift in Sources */ = {isa = PBXBuildFile; fileRef = A75443C023A9499800A8775E /* SettingsViewModelTests.swift */; };
		A797D6BC23C379B8002D550F /* SummaryViewModelTests.swift in Sources */ = {isa = PBXBuildFile; fileRef = A76A31A72399CFB80025B850 /* SummaryViewModelTests.swift */; };
		A797D6BD23C379BE002D550F /* EditOverlayViewModelTests.swift in Sources */ = {isa = PBXBuildFile; fileRef = A7385B5E239C80DF00A41C09 /* EditOverlayViewModelTests.swift */; };
		A797D6BE23C379C5002D550F /* AddingModeStateTests.swift in Sources */ = {isa = PBXBuildFile; fileRef = A75E802F23A17C8D00B549F9 /* AddingModeStateTests.swift */; };
		A797D6BF23C379C5002D550F /* EditingModeStateTests.swift in Sources */ = {isa = PBXBuildFile; fileRef = A75E802C23A17C2900B549F9 /* EditingModeStateTests.swift */; };
		A797D6C123C37A50002D550F /* EditOverlayStateDummy.swift in Sources */ = {isa = PBXBuildFile; fileRef = A75E802723A1773D00B549F9 /* EditOverlayStateDummy.swift */; };
		A797D6C223C37AE0002D550F /* PeopleServiceFake.swift in Sources */ = {isa = PBXBuildFile; fileRef = A7705B9B23AD9C530073D8E8 /* PeopleServiceFake.swift */; };
		A797D6C923C395B5002D550F /* People.swift in Sources */ = {isa = PBXBuildFile; fileRef = A797D6C823C395B5002D550F /* People.swift */; };
		A797D6CB23C3AA89002D550F /* PeopleTests.swift in Sources */ = {isa = PBXBuildFile; fileRef = A797D6CA23C3AA89002D550F /* PeopleTests.swift */; };
		A7A3336D23B3BD9300DBA26E /* EditOverlayViewParams.swift in Sources */ = {isa = PBXBuildFile; fileRef = A7A3336C23B3BD9300DBA26E /* EditOverlayViewParams.swift */; };
		A7AC988623B6A01A003D8AE6 /* BuyerSectionView.swift in Sources */ = {isa = PBXBuildFile; fileRef = A7AC988523B6A01A003D8AE6 /* BuyerSectionView.swift */; };
		A7AC988823B6A032003D8AE6 /* OwnerSectionView.swift in Sources */ = {isa = PBXBuildFile; fileRef = A7AC988723B6A032003D8AE6 /* OwnerSectionView.swift */; };
		A7B7D9FD2411A7DF00625718 /* DecimalParser.swift in Sources */ = {isa = PBXBuildFile; fileRef = A7B7D9FC2411A7DF00625718 /* DecimalParser.swift */; };
		A7D0B398240F13D600821E93 /* BillsDivider_Model.framework in Frameworks */ = {isa = PBXBuildFile; fileRef = A72B1A5023C2935100E09786 /* BillsDivider_Model.framework */; };
		A7D0B39C240F17A800821E93 /* DiscountTextFieldView.swift in Sources */ = {isa = PBXBuildFile; fileRef = A7D0B39B240F17A800821E93 /* DiscountTextFieldView.swift */; };
		A7D3FC0723E6469B001C8392 /* BDColorExtensions.swift in Sources */ = {isa = PBXBuildFile; fileRef = A7D3FC0423E64599001C8392 /* BDColorExtensions.swift */; };
		A7DCA29C24150F380084985A /* EditOverlayView.swift in Sources */ = {isa = PBXBuildFile; fileRef = A7DCA29B24150F380084985A /* EditOverlayView.swift */; };
		A7E100AC241594A7004FAFE0 /* SectionLabel.swift in Sources */ = {isa = PBXBuildFile; fileRef = A7E100AB241594A7004FAFE0 /* SectionLabel.swift */; };
		A7E100AE24159628004FAFE0 /* DiscountPopoverView.swift in Sources */ = {isa = PBXBuildFile; fileRef = A7E100AD24159628004FAFE0 /* DiscountPopoverView.swift */; };
		A7E100B0241598A5004FAFE0 /* DiscountPopoverViewModel.swift in Sources */ = {isa = PBXBuildFile; fileRef = A7E100AF241598A5004FAFE0 /* DiscountPopoverViewModel.swift */; };
		A7E4096624170D820001CD55 /* PriceViewModel.swift in Sources */ = {isa = PBXBuildFile; fileRef = A7E4096524170D820001CD55 /* PriceViewModel.swift */; };
		A7E40968241718BC0001CD55 /* DiscountViewModel.swift in Sources */ = {isa = PBXBuildFile; fileRef = A7E40967241718BC0001CD55 /* DiscountViewModel.swift */; };
		A7EB1152239EDDE100EEE4BC /* PreviewFactory.swift in Sources */ = {isa = PBXBuildFile; fileRef = A7EB1151239EDDE100EEE4BC /* PreviewFactory.swift */; };
		A7EB145E23C2581600894F99 /* SettingsUITests.swift in Sources */ = {isa = PBXBuildFile; fileRef = A7EB145D23C2581600894F99 /* SettingsUITests.swift */; };
		A7EC7A9024185CA6006CBC41 /* EditOverlayViewModelFactory.swift in Sources */ = {isa = PBXBuildFile; fileRef = A7EC7A8F24185CA6006CBC41 /* EditOverlayViewModelFactory.swift */; };
		A7F213B2238B41310084B466 /* SummaryView.swift in Sources */ = {isa = PBXBuildFile; fileRef = A7F213B1238B41310084B466 /* SummaryView.swift */; };
		A7FE5D08240893A3001FFFCD /* Separator.swift in Sources */ = {isa = PBXBuildFile; fileRef = A7FE5D07240893A3001FFFCD /* Separator.swift */; };
		A7FED231235CEF8B00CCD069 /* AppDelegate.swift in Sources */ = {isa = PBXBuildFile; fileRef = A7FED230235CEF8B00CCD069 /* AppDelegate.swift */; };
		A7FED233235CEF8B00CCD069 /* SceneDelegate.swift in Sources */ = {isa = PBXBuildFile; fileRef = A7FED232235CEF8B00CCD069 /* SceneDelegate.swift */; };
		A7FED23A235CEF8B00CCD069 /* Assets.xcassets in Resources */ = {isa = PBXBuildFile; fileRef = A7FED239235CEF8B00CCD069 /* Assets.xcassets */; };
		A7FED23D235CEF8B00CCD069 /* Preview Assets.xcassets in Resources */ = {isa = PBXBuildFile; fileRef = A7FED23C235CEF8B00CCD069 /* Preview Assets.xcassets */; };
		A7FED240235CEF8B00CCD069 /* LaunchScreen.storyboard in Resources */ = {isa = PBXBuildFile; fileRef = A7FED23E235CEF8B00CCD069 /* LaunchScreen.storyboard */; };
/* End PBXBuildFile section */

/* Begin PBXContainerItemProxy section */
		A72B1A5A23C2935100E09786 /* PBXContainerItemProxy */ = {
			isa = PBXContainerItemProxy;
			containerPortal = A7FED225235CEF8A00CCD069 /* Project object */;
			proxyType = 1;
			remoteGlobalIDString = A72B1A4F23C2935100E09786;
			remoteInfo = BillsDivider_Model;
		};
		A72B1A6323C2935100E09786 /* PBXContainerItemProxy */ = {
			isa = PBXContainerItemProxy;
			containerPortal = A7FED225235CEF8A00CCD069 /* Project object */;
			proxyType = 1;
			remoteGlobalIDString = A72B1A4F23C2935100E09786;
			remoteInfo = BillsDivider_Model;
		};
		A774361F239AB696008F53B5 /* PBXContainerItemProxy */ = {
			isa = PBXContainerItemProxy;
			containerPortal = A7FED225235CEF8A00CCD069 /* Project object */;
			proxyType = 1;
			remoteGlobalIDString = A7FED22C235CEF8A00CCD069;
			remoteInfo = BillsDivider;
		};
		A797D69523C376FA002D550F /* PBXContainerItemProxy */ = {
			isa = PBXContainerItemProxy;
			containerPortal = A7FED225235CEF8A00CCD069 /* Project object */;
			proxyType = 1;
			remoteGlobalIDString = A797D68A23C376FA002D550F;
			remoteInfo = BillsDivider_ViewModel;
		};
		A797D69E23C376FA002D550F /* PBXContainerItemProxy */ = {
			isa = PBXContainerItemProxy;
			containerPortal = A7FED225235CEF8A00CCD069 /* Project object */;
			proxyType = 1;
			remoteGlobalIDString = A797D68A23C376FA002D550F;
			remoteInfo = BillsDivider_ViewModel;
		};
		A797D6B623C377B2002D550F /* PBXContainerItemProxy */ = {
			isa = PBXContainerItemProxy;
			containerPortal = A7FED225235CEF8A00CCD069 /* Project object */;
			proxyType = 1;
			remoteGlobalIDString = A72B1A4F23C2935100E09786;
			remoteInfo = BillsDivider_Model;
		};
/* End PBXContainerItemProxy section */

/* Begin PBXCopyFilesBuildPhase section */
		A72B1A6723C2935100E09786 /* Embed Frameworks */ = {
			isa = PBXCopyFilesBuildPhase;
			buildActionMask = 2147483647;
			dstPath = "";
			dstSubfolderSpec = 10;
			files = (
				A797D6A123C376FA002D550F /* BillsDivider_ViewModel.framework in Embed Frameworks */,
				A72B1A6623C2935100E09786 /* BillsDivider_Model.framework in Embed Frameworks */,
			);
			name = "Embed Frameworks";
			runOnlyForDeploymentPostprocessing = 0;
		};
/* End PBXCopyFilesBuildPhase section */

/* Begin PBXFileReference section */
		A70478C523A42DF6001AD82E /* EditOverlayUITests.swift */ = {isa = PBXFileReference; lastKnownFileType = sourcecode.swift; path = EditOverlayUITests.swift; sourceTree = "<group>"; };
		A706C36024202C2800F50D8A /* DiscountViewModelTests.swift */ = {isa = PBXFileReference; lastKnownFileType = sourcecode.swift; path = DiscountViewModelTests.swift; sourceTree = "<group>"; };
		A706C362242042DB00F50D8A /* DiscountPopoverViewModelTests.swift */ = {isa = PBXFileReference; lastKnownFileType = sourcecode.swift; path = DiscountPopoverViewModelTests.swift; sourceTree = "<group>"; };
		A708403423DCEE5000C91DEC /* SumResult.swift */ = {isa = PBXFileReference; lastKnownFileType = sourcecode.swift; path = SumResult.swift; sourceTree = "<group>"; };
		A708403623DCEEAB00C91DEC /* SumResultTests.swift */ = {isa = PBXFileReference; lastKnownFileType = sourcecode.swift; path = SumResultTests.swift; sourceTree = "<group>"; };
		A716602C23E639DF005329F6 /* UUIDExtensions.swift */ = {isa = PBXFileReference; lastKnownFileType = sourcecode.swift; path = UUIDExtensions.swift; sourceTree = "<group>"; };
		A719DC912422E296008795DB /* DeciamlParserTests.swift */ = {isa = PBXFileReference; lastKnownFileType = sourcecode.swift; path = DeciamlParserTests.swift; sourceTree = "<group>"; };
		A72B1A5023C2935100E09786 /* BillsDivider_Model.framework */ = {isa = PBXFileReference; explicitFileType = wrapper.framework; includeInIndex = 0; path = BillsDivider_Model.framework; sourceTree = BUILT_PRODUCTS_DIR; };
		A72B1A5223C2935100E09786 /* BillsDivider_Model.h */ = {isa = PBXFileReference; lastKnownFileType = sourcecode.c.h; path = BillsDivider_Model.h; sourceTree = "<group>"; };
		A72B1A5323C2935100E09786 /* Info.plist */ = {isa = PBXFileReference; lastKnownFileType = text.plist.xml; path = Info.plist; sourceTree = "<group>"; };
		A72B1A5823C2935100E09786 /* BillsDivider_ModelTests.xctest */ = {isa = PBXFileReference; explicitFileType = wrapper.cfbundle; includeInIndex = 0; path = BillsDivider_ModelTests.xctest; sourceTree = BUILT_PRODUCTS_DIR; };
		A72B1A6123C2935100E09786 /* Info.plist */ = {isa = PBXFileReference; lastKnownFileType = text.plist.xml; path = Info.plist; sourceTree = "<group>"; };
		A732E903239FC47600B1D0B7 /* ReceiptPosition+CoreData.swift */ = {isa = PBXFileReference; lastKnownFileType = sourcecode.swift; path = "ReceiptPosition+CoreData.swift"; sourceTree = "<group>"; };
		A7346B4323DE2F22000AA8F1 /* SettingsView.swift */ = {isa = PBXFileReference; lastKnownFileType = sourcecode.swift; path = SettingsView.swift; sourceTree = "<group>"; };
		A736A1972369DAFF0096C2E1 /* ReceiptHeaderView.swift */ = {isa = PBXFileReference; lastKnownFileType = sourcecode.swift; path = ReceiptHeaderView.swift; sourceTree = "<group>"; };
		A736A1A12369EB5D0096C2E1 /* TabsView.swift */ = {isa = PBXFileReference; lastKnownFileType = sourcecode.swift; path = TabsView.swift; sourceTree = "<group>"; };
		A7385B5A239C696F00A41C09 /* TabBarPage.swift */ = {isa = PBXFileReference; lastKnownFileType = sourcecode.swift; path = TabBarPage.swift; sourceTree = "<group>"; };
		A7385B5C239C6A1B00A41C09 /* TabsUITests.swift */ = {isa = PBXFileReference; lastKnownFileType = sourcecode.swift; path = TabsUITests.swift; sourceTree = "<group>"; };
		A7385B5E239C80DF00A41C09 /* EditOverlayViewModelTests.swift */ = {isa = PBXFileReference; lastKnownFileType = sourcecode.swift; path = EditOverlayViewModelTests.swift; sourceTree = "<group>"; };
		A73E85FE23C939A000FAF4FA /* DependencyContainer.swift */ = {isa = PBXFileReference; lastKnownFileType = sourcecode.swift; path = DependencyContainer.swift; sourceTree = "<group>"; };
		A73E860023C94B5800FAF4FA /* TabItem.swift */ = {isa = PBXFileReference; lastKnownFileType = sourcecode.swift; path = TabItem.swift; sourceTree = "<group>"; };
		A743338B2415BACC003979BB /* DiscountSectionView.swift */ = {isa = PBXFileReference; lastKnownFileType = sourcecode.swift; path = DiscountSectionView.swift; sourceTree = "<group>"; };
		A7479BB423E628D50016C12A /* PersonColorsTests.swift */ = {isa = PBXFileReference; lastKnownFileType = sourcecode.swift; path = PersonColorsTests.swift; sourceTree = "<group>"; };
		A7479BB623E628F60016C12A /* PersonColors.swift */ = {isa = PBXFileReference; lastKnownFileType = sourcecode.swift; path = PersonColors.swift; sourceTree = "<group>"; };
		A7479BB823E6291A0016C12A /* BDColor.swift */ = {isa = PBXFileReference; lastKnownFileType = sourcecode.swift; path = BDColor.swift; sourceTree = "<group>"; };
		A754170623A05537008DB5F7 /* CoreDataStack.swift */ = {isa = PBXFileReference; lastKnownFileType = sourcecode.swift; path = CoreDataStack.swift; sourceTree = "<group>"; };
		A75443C023A9499800A8775E /* SettingsViewModelTests.swift */ = {isa = PBXFileReference; lastKnownFileType = sourcecode.swift; path = SettingsViewModelTests.swift; sourceTree = "<group>"; };
		A75443C223A94A0F00A8775E /* SettingsViewModel.swift */ = {isa = PBXFileReference; lastKnownFileType = sourcecode.swift; path = SettingsViewModel.swift; sourceTree = "<group>"; };
		A7550E7A239BD7E60004797D /* ReceiptPage.swift */ = {isa = PBXFileReference; lastKnownFileType = sourcecode.swift; path = ReceiptPage.swift; sourceTree = "<group>"; };
		A7550E7C239BD8050004797D /* Page.swift */ = {isa = PBXFileReference; lastKnownFileType = sourcecode.swift; path = Page.swift; sourceTree = "<group>"; };
		A7550E7E239BDE3D0004797D /* SummaryPage.swift */ = {isa = PBXFileReference; lastKnownFileType = sourcecode.swift; path = SummaryPage.swift; sourceTree = "<group>"; };
		A7550E80239BDE6D0004797D /* EditOverlayPage.swift */ = {isa = PBXFileReference; lastKnownFileType = sourcecode.swift; path = EditOverlayPage.swift; sourceTree = "<group>"; };
		A75B79C4239EE4B000C740BB /* CoreDataReceiptPositionServiceTests.swift */ = {isa = PBXFileReference; fileEncoding = 4; lastKnownFileType = sourcecode.swift; path = CoreDataReceiptPositionServiceTests.swift; sourceTree = "<group>"; };
		A75E802723A1773D00B549F9 /* EditOverlayStateDummy.swift */ = {isa = PBXFileReference; lastKnownFileType = sourcecode.swift; path = EditOverlayStateDummy.swift; sourceTree = "<group>"; };
		A75E802C23A17C2900B549F9 /* EditingModeStateTests.swift */ = {isa = PBXFileReference; lastKnownFileType = sourcecode.swift; path = EditingModeStateTests.swift; sourceTree = "<group>"; };
		A75E802F23A17C8D00B549F9 /* AddingModeStateTests.swift */ = {isa = PBXFileReference; lastKnownFileType = sourcecode.swift; path = AddingModeStateTests.swift; sourceTree = "<group>"; };
		A763FFC523CA9D9300D489EA /* PeopleServiceFactory.swift */ = {isa = PBXFileReference; lastKnownFileType = sourcecode.swift; path = PeopleServiceFactory.swift; sourceTree = "<group>"; };
		A76A31A72399CFB80025B850 /* SummaryViewModelTests.swift */ = {isa = PBXFileReference; lastKnownFileType = sourcecode.swift; path = SummaryViewModelTests.swift; sourceTree = "<group>"; };
		A76AF8C123E38A910064551D /* PersonViewModel.swift */ = {isa = PBXFileReference; lastKnownFileType = sourcecode.swift; path = PersonViewModel.swift; sourceTree = "<group>"; };
		A76FF43523BD40F9000D584F /* ReceiptViewModelTests.swift */ = {isa = PBXFileReference; fileEncoding = 4; lastKnownFileType = sourcecode.swift; path = ReceiptViewModelTests.swift; sourceTree = "<group>"; };
		A7705B9523AD868F0073D8E8 /* PeopleService.swift */ = {isa = PBXFileReference; lastKnownFileType = sourcecode.swift; path = PeopleService.swift; sourceTree = "<group>"; };
		A7705B9723AD86E70073D8E8 /* InMemoryPeopleServiceTests.swift */ = {isa = PBXFileReference; fileEncoding = 4; lastKnownFileType = sourcecode.swift; path = InMemoryPeopleServiceTests.swift; sourceTree = "<group>"; };
		A7705B9B23AD9C530073D8E8 /* PeopleServiceFake.swift */ = {isa = PBXFileReference; lastKnownFileType = sourcecode.swift; path = PeopleServiceFake.swift; sourceTree = "<group>"; };
		A774361A239AB696008F53B5 /* BillsDividerUITests.xctest */ = {isa = PBXFileReference; explicitFileType = wrapper.cfbundle; includeInIndex = 0; path = BillsDividerUITests.xctest; sourceTree = BUILT_PRODUCTS_DIR; };
		A774361C239AB696008F53B5 /* ReceiptUITests.swift */ = {isa = PBXFileReference; lastKnownFileType = sourcecode.swift; path = ReceiptUITests.swift; sourceTree = "<group>"; };
		A774361E239AB696008F53B5 /* Info.plist */ = {isa = PBXFileReference; lastKnownFileType = text.plist.xml; path = Info.plist; sourceTree = "<group>"; };
		A774B1DD23B57F97005A868E /* EditOverlayViewModel.swift */ = {isa = PBXFileReference; lastKnownFileType = sourcecode.swift; path = EditOverlayViewModel.swift; sourceTree = "<group>"; };
		A7788B4423B398DD0059EB71 /* ReceiptViewModel.swift */ = {isa = PBXFileReference; fileEncoding = 4; lastKnownFileType = sourcecode.swift; path = ReceiptViewModel.swift; sourceTree = "<group>"; };
		A7788B4623B3991A0059EB71 /* ReceiptView.swift */ = {isa = PBXFileReference; lastKnownFileType = sourcecode.swift; path = ReceiptView.swift; sourceTree = "<group>"; };
		A7788B4F23B3B6CE0059EB71 /* ReceiptPositionService.swift */ = {isa = PBXFileReference; lastKnownFileType = sourcecode.swift; path = ReceiptPositionService.swift; sourceTree = "<group>"; };
		A7788B5123B3B6FD0059EB71 /* InMemoryReceiptPositionService.swift */ = {isa = PBXFileReference; lastKnownFileType = sourcecode.swift; path = InMemoryReceiptPositionService.swift; sourceTree = "<group>"; };
		A7794C38239D52E90001EB73 /* CoreDataReceiptPositionService.swift */ = {isa = PBXFileReference; lastKnownFileType = sourcecode.swift; path = CoreDataReceiptPositionService.swift; sourceTree = "<group>"; };
		A77ACA9823C11EB200F9335D /* CoreDataPeopleServiceTests.swift */ = {isa = PBXFileReference; lastKnownFileType = sourcecode.swift; path = CoreDataPeopleServiceTests.swift; sourceTree = "<group>"; };
		A77ACA9A23C1309800F9335D /* InMemoryReceiptPositionServiceTests.swift */ = {isa = PBXFileReference; lastKnownFileType = sourcecode.swift; path = InMemoryReceiptPositionServiceTests.swift; sourceTree = "<group>"; };
		A77D54CA23819255003D7E9D /* PriceSectionView.swift */ = {isa = PBXFileReference; lastKnownFileType = sourcecode.swift; path = PriceSectionView.swift; sourceTree = "<group>"; };
		A77FE84F23F362D000354030 /* PersonViewModelTests.swift */ = {isa = PBXFileReference; lastKnownFileType = sourcecode.swift; path = PersonViewModelTests.swift; sourceTree = "<group>"; };
		A7820835241EE1B200E4DB1C /* PriceViewModelTests.swift */ = {isa = PBXFileReference; lastKnownFileType = sourcecode.swift; path = PriceViewModelTests.swift; sourceTree = "<group>"; };
		A7873D2E23A83C3D008C9552 /* SettingsPage.swift */ = {isa = PBXFileReference; lastKnownFileType = sourcecode.swift; path = SettingsPage.swift; sourceTree = "<group>"; };
		A78B1B8D239EB12F006A1B91 /* SqliteCoreDataStack.swift */ = {isa = PBXFileReference; lastKnownFileType = sourcecode.swift; path = SqliteCoreDataStack.swift; sourceTree = "<group>"; };
		A78B1B8F239EB14C006A1B91 /* InMemoryCoreDataStack.swift */ = {isa = PBXFileReference; lastKnownFileType = sourcecode.swift; path = InMemoryCoreDataStack.swift; sourceTree = "<group>"; };
		A797D64623C365C1002D550F /* Owner.swift */ = {isa = PBXFileReference; fileEncoding = 4; lastKnownFileType = sourcecode.swift; path = Owner.swift; sourceTree = "<group>"; };
		A797D64723C365C1002D550F /* Person.swift */ = {isa = PBXFileReference; fileEncoding = 4; lastKnownFileType = sourcecode.swift; path = Person.swift; sourceTree = "<group>"; };
		A797D64823C365C1002D550F /* Buyer.swift */ = {isa = PBXFileReference; fileEncoding = 4; lastKnownFileType = sourcecode.swift; path = Buyer.swift; sourceTree = "<group>"; };
		A797D64923C365C1002D550F /* ReceiptPositions.swift */ = {isa = PBXFileReference; fileEncoding = 4; lastKnownFileType = sourcecode.swift; path = ReceiptPositions.swift; sourceTree = "<group>"; };
		A797D64F23C36605002D550F /* PositionsDivider.swift */ = {isa = PBXFileReference; fileEncoding = 4; lastKnownFileType = sourcecode.swift; path = PositionsDivider.swift; sourceTree = "<group>"; };
		A797D65223C36642002D550F /* DivisionResult.swift */ = {isa = PBXFileReference; fileEncoding = 4; lastKnownFileType = sourcecode.swift; path = DivisionResult.swift; sourceTree = "<group>"; };
		A797D65923C36706002D550F /* DivisionResultTests.swift */ = {isa = PBXFileReference; fileEncoding = 4; lastKnownFileType = sourcecode.swift; path = DivisionResultTests.swift; sourceTree = "<group>"; };
		A797D65B23C3670C002D550F /* PositionsDividerTests.swift */ = {isa = PBXFileReference; fileEncoding = 4; lastKnownFileType = sourcecode.swift; path = PositionsDividerTests.swift; sourceTree = "<group>"; };
		A797D65D23C3671C002D550F /* PersonTests.swift */ = {isa = PBXFileReference; fileEncoding = 4; lastKnownFileType = sourcecode.swift; path = PersonTests.swift; sourceTree = "<group>"; };
		A797D65E23C3671C002D550F /* BuyerTests.swift */ = {isa = PBXFileReference; fileEncoding = 4; lastKnownFileType = sourcecode.swift; path = BuyerTests.swift; sourceTree = "<group>"; };
		A797D65F23C3671C002D550F /* OwnerTests.swift */ = {isa = PBXFileReference; fileEncoding = 4; lastKnownFileType = sourcecode.swift; path = OwnerTests.swift; sourceTree = "<group>"; };
		A797D66023C3671C002D550F /* ReceiptPositionTests.swift */ = {isa = PBXFileReference; fileEncoding = 4; lastKnownFileType = sourcecode.swift; path = ReceiptPositionTests.swift; sourceTree = "<group>"; };
		A797D68B23C376FA002D550F /* BillsDivider_ViewModel.framework */ = {isa = PBXFileReference; explicitFileType = wrapper.framework; includeInIndex = 0; path = BillsDivider_ViewModel.framework; sourceTree = BUILT_PRODUCTS_DIR; };
		A797D68D23C376FA002D550F /* BillsDivider_ViewModel.h */ = {isa = PBXFileReference; lastKnownFileType = sourcecode.c.h; path = BillsDivider_ViewModel.h; sourceTree = "<group>"; };
		A797D68E23C376FA002D550F /* Info.plist */ = {isa = PBXFileReference; lastKnownFileType = text.plist.xml; path = Info.plist; sourceTree = "<group>"; };
		A797D69323C376FA002D550F /* BillsDivider_ViewModelTests.xctest */ = {isa = PBXFileReference; explicitFileType = wrapper.cfbundle; includeInIndex = 0; path = BillsDivider_ViewModelTests.xctest; sourceTree = BUILT_PRODUCTS_DIR; };
		A797D69C23C376FA002D550F /* Info.plist */ = {isa = PBXFileReference; lastKnownFileType = text.plist.xml; path = Info.plist; sourceTree = "<group>"; };
		A797D6C823C395B5002D550F /* People.swift */ = {isa = PBXFileReference; lastKnownFileType = sourcecode.swift; path = People.swift; sourceTree = "<group>"; };
		A797D6CA23C3AA89002D550F /* PeopleTests.swift */ = {isa = PBXFileReference; lastKnownFileType = sourcecode.swift; path = PeopleTests.swift; sourceTree = "<group>"; };
		A7A3336C23B3BD9300DBA26E /* EditOverlayViewParams.swift */ = {isa = PBXFileReference; lastKnownFileType = sourcecode.swift; path = EditOverlayViewParams.swift; sourceTree = "<group>"; };
		A7A4189823B819CC00436CBE /* Person+CoreData.swift */ = {isa = PBXFileReference; lastKnownFileType = sourcecode.swift; path = "Person+CoreData.swift"; sourceTree = "<group>"; };
		A7AC987D23B69C5B003D8AE6 /* EditOverlayState.swift */ = {isa = PBXFileReference; lastKnownFileType = sourcecode.swift; path = EditOverlayState.swift; sourceTree = "<group>"; };
		A7AC987F23B69C81003D8AE6 /* AddingModeState.swift */ = {isa = PBXFileReference; lastKnownFileType = sourcecode.swift; path = AddingModeState.swift; sourceTree = "<group>"; };
		A7AC988123B69CDB003D8AE6 /* EditingModeState.swift */ = {isa = PBXFileReference; lastKnownFileType = sourcecode.swift; path = EditingModeState.swift; sourceTree = "<group>"; };
		A7AC988523B6A01A003D8AE6 /* BuyerSectionView.swift */ = {isa = PBXFileReference; lastKnownFileType = sourcecode.swift; path = BuyerSectionView.swift; sourceTree = "<group>"; };
		A7AC988723B6A032003D8AE6 /* OwnerSectionView.swift */ = {isa = PBXFileReference; lastKnownFileType = sourcecode.swift; path = OwnerSectionView.swift; sourceTree = "<group>"; };
		A7AC988923B6D788003D8AE6 /* CoreDataPeopleService.swift */ = {isa = PBXFileReference; lastKnownFileType = sourcecode.swift; path = CoreDataPeopleService.swift; sourceTree = "<group>"; };
		A7B7D9FC2411A7DF00625718 /* DecimalParser.swift */ = {isa = PBXFileReference; lastKnownFileType = sourcecode.swift; path = DecimalParser.swift; sourceTree = "<group>"; };
		A7B7DE57238C5F1600D38BC8 /* SummaryViewModel.swift */ = {isa = PBXFileReference; lastKnownFileType = sourcecode.swift; path = SummaryViewModel.swift; sourceTree = "<group>"; };
		A7B7DE5C238C7B9B00D38BC8 /* NumberFormatterExtensions.swift */ = {isa = PBXFileReference; lastKnownFileType = sourcecode.swift; path = NumberFormatterExtensions.swift; sourceTree = "<group>"; };
		A7B7DE5F238C805600D38BC8 /* EditOverlayViewFactory.swift */ = {isa = PBXFileReference; lastKnownFileType = sourcecode.swift; path = EditOverlayViewFactory.swift; sourceTree = "<group>"; };
		A7C50A9523C00F760088DF12 /* Person+CoreDataTests.swift */ = {isa = PBXFileReference; lastKnownFileType = sourcecode.swift; path = "Person+CoreDataTests.swift"; sourceTree = "<group>"; };
		A7C50A9723C016760088DF12 /* ReceiptPosition+CoreDataTests.swift */ = {isa = PBXFileReference; lastKnownFileType = sourcecode.swift; path = "ReceiptPosition+CoreDataTests.swift"; sourceTree = "<group>"; };
		A7D0B39B240F17A800821E93 /* DiscountTextFieldView.swift */ = {isa = PBXFileReference; lastKnownFileType = sourcecode.swift; path = DiscountTextFieldView.swift; sourceTree = "<group>"; };
		A7D3FC0423E64599001C8392 /* BDColorExtensions.swift */ = {isa = PBXFileReference; lastKnownFileType = sourcecode.swift; path = BDColorExtensions.swift; sourceTree = "<group>"; };
		A7DCA29B24150F380084985A /* EditOverlayView.swift */ = {isa = PBXFileReference; lastKnownFileType = sourcecode.swift; path = EditOverlayView.swift; sourceTree = "<group>"; };
		A7E100AB241594A7004FAFE0 /* SectionLabel.swift */ = {isa = PBXFileReference; lastKnownFileType = sourcecode.swift; path = SectionLabel.swift; sourceTree = "<group>"; };
		A7E100AD24159628004FAFE0 /* DiscountPopoverView.swift */ = {isa = PBXFileReference; lastKnownFileType = sourcecode.swift; path = DiscountPopoverView.swift; sourceTree = "<group>"; };
		A7E100AF241598A5004FAFE0 /* DiscountPopoverViewModel.swift */ = {isa = PBXFileReference; lastKnownFileType = sourcecode.swift; path = DiscountPopoverViewModel.swift; sourceTree = "<group>"; };
		A7E4096524170D820001CD55 /* PriceViewModel.swift */ = {isa = PBXFileReference; lastKnownFileType = sourcecode.swift; path = PriceViewModel.swift; sourceTree = "<group>"; };
		A7E40967241718BC0001CD55 /* DiscountViewModel.swift */ = {isa = PBXFileReference; lastKnownFileType = sourcecode.swift; path = DiscountViewModel.swift; sourceTree = "<group>"; };
		A7EB1151239EDDE100EEE4BC /* PreviewFactory.swift */ = {isa = PBXFileReference; lastKnownFileType = sourcecode.swift; path = PreviewFactory.swift; sourceTree = "<group>"; };
		A7EB145D23C2581600894F99 /* SettingsUITests.swift */ = {isa = PBXFileReference; lastKnownFileType = sourcecode.swift; path = SettingsUITests.swift; sourceTree = "<group>"; };
		A7EC7A8F24185CA6006CBC41 /* EditOverlayViewModelFactory.swift */ = {isa = PBXFileReference; lastKnownFileType = sourcecode.swift; path = EditOverlayViewModelFactory.swift; sourceTree = "<group>"; };
		A7F213B1238B41310084B466 /* SummaryView.swift */ = {isa = PBXFileReference; lastKnownFileType = sourcecode.swift; path = SummaryView.swift; sourceTree = "<group>"; };
		A7F3D4FF23AFF9F100B9AD14 /* InMemoryPeopleService.swift */ = {isa = PBXFileReference; lastKnownFileType = sourcecode.swift; path = InMemoryPeopleService.swift; sourceTree = "<group>"; };
		A7FE5D07240893A3001FFFCD /* Separator.swift */ = {isa = PBXFileReference; lastKnownFileType = sourcecode.swift; path = Separator.swift; sourceTree = "<group>"; };
		A7FED22D235CEF8A00CCD069 /* BillsDivider.app */ = {isa = PBXFileReference; explicitFileType = wrapper.application; includeInIndex = 0; path = BillsDivider.app; sourceTree = BUILT_PRODUCTS_DIR; };
		A7FED230235CEF8B00CCD069 /* AppDelegate.swift */ = {isa = PBXFileReference; lastKnownFileType = sourcecode.swift; path = AppDelegate.swift; sourceTree = "<group>"; };
		A7FED232235CEF8B00CCD069 /* SceneDelegate.swift */ = {isa = PBXFileReference; lastKnownFileType = sourcecode.swift; path = SceneDelegate.swift; sourceTree = "<group>"; };
		A7FED235235CEF8B00CCD069 /* BillsDivider.xcdatamodel */ = {isa = PBXFileReference; lastKnownFileType = wrapper.xcdatamodel; path = BillsDivider.xcdatamodel; sourceTree = "<group>"; };
		A7FED239235CEF8B00CCD069 /* Assets.xcassets */ = {isa = PBXFileReference; lastKnownFileType = folder.assetcatalog; path = Assets.xcassets; sourceTree = "<group>"; };
		A7FED23C235CEF8B00CCD069 /* Preview Assets.xcassets */ = {isa = PBXFileReference; lastKnownFileType = folder.assetcatalog; path = "Preview Assets.xcassets"; sourceTree = "<group>"; };
		A7FED23F235CEF8B00CCD069 /* Base */ = {isa = PBXFileReference; lastKnownFileType = file.storyboard; name = Base; path = Base.lproj/LaunchScreen.storyboard; sourceTree = "<group>"; };
		A7FED241235CEF8B00CCD069 /* Info.plist */ = {isa = PBXFileReference; lastKnownFileType = text.plist.xml; path = Info.plist; sourceTree = "<group>"; };
/* End PBXFileReference section */

/* Begin PBXFrameworksBuildPhase section */
		A72B1A4D23C2935100E09786 /* Frameworks */ = {
			isa = PBXFrameworksBuildPhase;
			buildActionMask = 2147483647;
			files = (
			);
			runOnlyForDeploymentPostprocessing = 0;
		};
		A72B1A5523C2935100E09786 /* Frameworks */ = {
			isa = PBXFrameworksBuildPhase;
			buildActionMask = 2147483647;
			files = (
				A72B1A5923C2935100E09786 /* BillsDivider_Model.framework in Frameworks */,
			);
			runOnlyForDeploymentPostprocessing = 0;
		};
		A7743617239AB696008F53B5 /* Frameworks */ = {
			isa = PBXFrameworksBuildPhase;
			buildActionMask = 2147483647;
			files = (
			);
			runOnlyForDeploymentPostprocessing = 0;
		};
		A797D68823C376FA002D550F /* Frameworks */ = {
			isa = PBXFrameworksBuildPhase;
			buildActionMask = 2147483647;
			files = (
				A7D0B398240F13D600821E93 /* BillsDivider_Model.framework in Frameworks */,
			);
			runOnlyForDeploymentPostprocessing = 0;
		};
		A797D69023C376FA002D550F /* Frameworks */ = {
			isa = PBXFrameworksBuildPhase;
			buildActionMask = 2147483647;
			files = (
				A797D69423C376FA002D550F /* BillsDivider_ViewModel.framework in Frameworks */,
			);
			runOnlyForDeploymentPostprocessing = 0;
		};
		A7FED22A235CEF8A00CCD069 /* Frameworks */ = {
			isa = PBXFrameworksBuildPhase;
			buildActionMask = 2147483647;
			files = (
				A797D6A023C376FA002D550F /* BillsDivider_ViewModel.framework in Frameworks */,
				A72B1A6523C2935100E09786 /* BillsDivider_Model.framework in Frameworks */,
			);
			runOnlyForDeploymentPostprocessing = 0;
		};
/* End PBXFrameworksBuildPhase section */

/* Begin PBXGroup section */
		A72B1A5123C2935100E09786 /* BillsDivider_Model */ = {
			isa = PBXGroup;
			children = (
				A7FED234235CEF8B00CCD069 /* BillsDivider.xcdatamodeld */,
				A72B1A5223C2935100E09786 /* BillsDivider_Model.h */,
				A72B1A5323C2935100E09786 /* Info.plist */,
				A797D64523C365A4002D550F /* Entities */,
				A72B1A7223C293B500E09786 /* Extensions */,
				A797D64E23C365EC002D550F /* Services */,
				A797D65123C3661C002D550F /* ValueObjects */,
			);
			path = BillsDivider_Model;
			sourceTree = "<group>";
		};
		A72B1A5E23C2935100E09786 /* BillsDivider_ModelTests */ = {
			isa = PBXGroup;
			children = (
				A72B1A6123C2935100E09786 /* Info.plist */,
				A797D65423C366AD002D550F /* Cases */,
			);
			path = BillsDivider_ModelTests;
			sourceTree = "<group>";
		};
		A72B1A7223C293B500E09786 /* Extensions */ = {
			isa = PBXGroup;
			children = (
				A7B7DE5C238C7B9B00D38BC8 /* NumberFormatterExtensions.swift */,
				A7A4189823B819CC00436CBE /* Person+CoreData.swift */,
				A732E903239FC47600B1D0B7 /* ReceiptPosition+CoreData.swift */,
				A716602C23E639DF005329F6 /* UUIDExtensions.swift */,
			);
			path = Extensions;
			sourceTree = "<group>";
		};
		A734263423A140CB00BAEFF0 /* Cases */ = {
			isa = PBXGroup;
			children = (
				A70478C523A42DF6001AD82E /* EditOverlayUITests.swift */,
				A774361C239AB696008F53B5 /* ReceiptUITests.swift */,
				A7385B5C239C6A1B00A41C09 /* TabsUITests.swift */,
				A7EB145D23C2581600894F99 /* SettingsUITests.swift */,
			);
			path = Cases;
			sourceTree = "<group>";
		};
		A734263723A1428100BAEFF0 /* EditOverlayViewModel */ = {
			isa = PBXGroup;
			children = (
				A7E100AF241598A5004FAFE0 /* DiscountPopoverViewModel.swift */,
				A7E40967241718BC0001CD55 /* DiscountViewModel.swift */,
				A774B1DD23B57F97005A868E /* EditOverlayViewModel.swift */,
				A7E4096524170D820001CD55 /* PriceViewModel.swift */,
				A75E801E23A15D4F00B549F9 /* EditOverlayState */,
			);
			path = EditOverlayViewModel;
			sourceTree = "<group>";
		};
		A736A19A2369DDE90096C2E1 /* Resources */ = {
			isa = PBXGroup;
			children = (
				A7FED239235CEF8B00CCD069 /* Assets.xcassets */,
				A7FED23E235CEF8B00CCD069 /* LaunchScreen.storyboard */,
				A7FED23B235CEF8B00CCD069 /* Preview Content */,
			);
			path = Resources;
			sourceTree = "<group>";
		};
		A73E860223C955A900FAF4FA /* Tabs */ = {
			isa = PBXGroup;
			children = (
				A73E860023C94B5800FAF4FA /* TabItem.swift */,
				A736A1A12369EB5D0096C2E1 /* TabsView.swift */,
			);
			path = Tabs;
			sourceTree = "<group>";
		};
		A754170523A0551D008DB5F7 /* CoreDataStack */ = {
			isa = PBXGroup;
			children = (
				A754170623A05537008DB5F7 /* CoreDataStack.swift */,
				A78B1B8F239EB14C006A1B91 /* InMemoryCoreDataStack.swift */,
				A78B1B8D239EB12F006A1B91 /* SqliteCoreDataStack.swift */,
			);
			path = CoreDataStack;
			sourceTree = "<group>";
		};
		A7550E79239BD7A50004797D /* PageObjects */ = {
			isa = PBXGroup;
			children = (
				A7550E80239BDE6D0004797D /* EditOverlayPage.swift */,
				A7550E7C239BD8050004797D /* Page.swift */,
				A7550E7A239BD7E60004797D /* ReceiptPage.swift */,
				A7873D2E23A83C3D008C9552 /* SettingsPage.swift */,
				A7550E7E239BDE3D0004797D /* SummaryPage.swift */,
				A7385B5A239C696F00A41C09 /* TabBarPage.swift */,
			);
			path = PageObjects;
			sourceTree = "<group>";
		};
		A75E801E23A15D4F00B549F9 /* EditOverlayState */ = {
			isa = PBXGroup;
			children = (
				A7AC987F23B69C81003D8AE6 /* AddingModeState.swift */,
				A7AC988123B69CDB003D8AE6 /* EditingModeState.swift */,
				A7AC987D23B69C5B003D8AE6 /* EditOverlayState.swift */,
			);
			path = EditOverlayState;
			sourceTree = "<group>";
		};
		A75E802923A17BF700B549F9 /* EditOverlayViewModel */ = {
			isa = PBXGroup;
			children = (
				A706C362242042DB00F50D8A /* DiscountPopoverViewModelTests.swift */,
				A706C36024202C2800F50D8A /* DiscountViewModelTests.swift */,
				A7385B5E239C80DF00A41C09 /* EditOverlayViewModelTests.swift */,
				A7820835241EE1B200E4DB1C /* PriceViewModelTests.swift */,
				A75E802A23A17C0E00B549F9 /* EditOverlayState */,
			);
			path = EditOverlayViewModel;
			sourceTree = "<group>";
		};
		A75E802A23A17C0E00B549F9 /* EditOverlayState */ = {
			isa = PBXGroup;
			children = (
				A75E802F23A17C8D00B549F9 /* AddingModeStateTests.swift */,
				A75E802C23A17C2900B549F9 /* EditingModeStateTests.swift */,
			);
			path = EditOverlayState;
			sourceTree = "<group>";
		};
		A763FFC323CA99AB00D489EA /* Infrastructure */ = {
			isa = PBXGroup;
			children = (
				A73E85FE23C939A000FAF4FA /* DependencyContainer.swift */,
			);
			path = Infrastructure;
			sourceTree = "<group>";
		};
		A774361B239AB696008F53B5 /* BillsDividerUITests */ = {
			isa = PBXGroup;
			children = (
				A774361E239AB696008F53B5 /* Info.plist */,
				A734263423A140CB00BAEFF0 /* Cases */,
				A7550E79239BD7A50004797D /* PageObjects */,
			);
			path = BillsDividerUITests;
			sourceTree = "<group>";
		};
		A77936BD235CF66700EC64D0 /* Views */ = {
			isa = PBXGroup;
			children = (
				A7EB1151239EDDE100EEE4BC /* PreviewFactory.swift */,
				A7FE5D0624089395001FFFCD /* Common */,
				A77D54C723819225003D7E9D /* EditOverlay */,
				A77D54C6238191D2003D7E9D /* Receipt */,
				A7873D2A23A8397F008C9552 /* Settings */,
				A7F213AF238B410E0084B466 /* Summary */,
				A73E860223C955A900FAF4FA /* Tabs */,
			);
			path = Views;
			sourceTree = "<group>";
		};
		A7794C3C239D5C4B0001EB73 /* Cases */ = {
			isa = PBXGroup;
			children = (
				A76FF43523BD40F9000D584F /* ReceiptViewModelTests.swift */,
				A76A31A72399CFB80025B850 /* SummaryViewModelTests.swift */,
				A75E802923A17BF700B549F9 /* EditOverlayViewModel */,
				A77FE84E23F362BA00354030 /* SettingsViewModel */,
			);
			path = Cases;
			sourceTree = "<group>";
		};
		A77D54C6238191D2003D7E9D /* Receipt */ = {
			isa = PBXGroup;
			children = (
				A736A1972369DAFF0096C2E1 /* ReceiptHeaderView.swift */,
				A7788B4623B3991A0059EB71 /* ReceiptView.swift */,
			);
			path = Receipt;
			sourceTree = "<group>";
		};
		A77D54C723819225003D7E9D /* EditOverlay */ = {
			isa = PBXGroup;
			children = (
				A7DCA29B24150F380084985A /* EditOverlayView.swift */,
				A7B7DE5F238C805600D38BC8 /* EditOverlayViewFactory.swift */,
				A7EC7A8F24185CA6006CBC41 /* EditOverlayViewModelFactory.swift */,
				A7A3336C23B3BD9300DBA26E /* EditOverlayViewParams.swift */,
				A77FAD212384B3F000B66C98 /* Controls */,
			);
			path = EditOverlay;
			sourceTree = "<group>";
		};
		A77FAD212384B3F000B66C98 /* Controls */ = {
			isa = PBXGroup;
			children = (
				A7E100B12415A77B004FAFE0 /* Discount */,
				A7AC988523B6A01A003D8AE6 /* BuyerSectionView.swift */,
				A7AC988723B6A032003D8AE6 /* OwnerSectionView.swift */,
				A77D54CA23819255003D7E9D /* PriceSectionView.swift */,
				A7E100AB241594A7004FAFE0 /* SectionLabel.swift */,
			);
			path = Controls;
			sourceTree = "<group>";
		};
		A77FE84E23F362BA00354030 /* SettingsViewModel */ = {
			isa = PBXGroup;
			children = (
				A77FE84F23F362D000354030 /* PersonViewModelTests.swift */,
				A75443C023A9499800A8775E /* SettingsViewModelTests.swift */,
			);
			path = SettingsViewModel;
			sourceTree = "<group>";
		};
		A7873D2A23A8397F008C9552 /* Settings */ = {
			isa = PBXGroup;
			children = (
				A7346B4323DE2F22000AA8F1 /* SettingsView.swift */,
			);
			path = Settings;
			sourceTree = "<group>";
		};
		A791C73123E74D50003BF7E8 /* SettingsViewModel */ = {
			isa = PBXGroup;
			children = (
				A76AF8C123E38A910064551D /* PersonViewModel.swift */,
				A75443C223A94A0F00A8775E /* SettingsViewModel.swift */,
			);
			path = SettingsViewModel;
			sourceTree = "<group>";
		};
		A797D64523C365A4002D550F /* Entities */ = {
			isa = PBXGroup;
			children = (
				A797D64823C365C1002D550F /* Buyer.swift */,
				A797D64623C365C1002D550F /* Owner.swift */,
				A797D6C823C395B5002D550F /* People.swift */,
				A797D64723C365C1002D550F /* Person.swift */,
				A797D64923C365C1002D550F /* ReceiptPositions.swift */,
			);
			path = Entities;
			sourceTree = "<group>";
		};
		A797D64E23C365EC002D550F /* Services */ = {
			isa = PBXGroup;
			children = (
				A7B7D9FC2411A7DF00625718 /* DecimalParser.swift */,
				A797D64F23C36605002D550F /* PositionsDivider.swift */,
				A754170523A0551D008DB5F7 /* CoreDataStack */,
				A797D67223C36E2F002D550F /* PeopleService */,
				A797D67723C36F40002D550F /* ReceiptPositionService */,
			);
			path = Services;
			sourceTree = "<group>";
		};
		A797D65123C3661C002D550F /* ValueObjects */ = {
			isa = PBXGroup;
			children = (
				A7479BB823E6291A0016C12A /* BDColor.swift */,
				A797D65223C36642002D550F /* DivisionResult.swift */,
				A7479BB623E628F60016C12A /* PersonColors.swift */,
				A708403423DCEE5000C91DEC /* SumResult.swift */,
			);
			path = ValueObjects;
			sourceTree = "<group>";
		};
		A797D65423C366AD002D550F /* Cases */ = {
			isa = PBXGroup;
			children = (
				A797D65523C366B0002D550F /* Entities */,
				A797D68323C3739E002D550F /* Extensions */,
				A797D65723C366B9002D550F /* Services */,
				A797D65823C366BD002D550F /* ValueObjects */,
			);
			path = Cases;
			sourceTree = "<group>";
		};
		A797D65523C366B0002D550F /* Entities */ = {
			isa = PBXGroup;
			children = (
				A797D65E23C3671C002D550F /* BuyerTests.swift */,
				A797D65F23C3671C002D550F /* OwnerTests.swift */,
				A797D6CA23C3AA89002D550F /* PeopleTests.swift */,
				A797D65D23C3671C002D550F /* PersonTests.swift */,
				A797D66023C3671C002D550F /* ReceiptPositionTests.swift */,
			);
			path = Entities;
			sourceTree = "<group>";
		};
		A797D65723C366B9002D550F /* Services */ = {
			isa = PBXGroup;
			children = (
				A797D65B23C3670C002D550F /* PositionsDividerTests.swift */,
				A797D67523C36ED7002D550F /* PeopleService */,
				A797D67A23C3705A002D550F /* ReceiptPositionService */,
				A719DC912422E296008795DB /* DeciamlParserTests.swift */,
			);
			path = Services;
			sourceTree = "<group>";
		};
		A797D65823C366BD002D550F /* ValueObjects */ = {
			isa = PBXGroup;
			children = (
				A797D65923C36706002D550F /* DivisionResultTests.swift */,
				A7479BB423E628D50016C12A /* PersonColorsTests.swift */,
				A708403623DCEEAB00C91DEC /* SumResultTests.swift */,
			);
			path = ValueObjects;
			sourceTree = "<group>";
		};
		A797D67223C36E2F002D550F /* PeopleService */ = {
			isa = PBXGroup;
			children = (
				A7AC988923B6D788003D8AE6 /* CoreDataPeopleService.swift */,
				A7F3D4FF23AFF9F100B9AD14 /* InMemoryPeopleService.swift */,
				A7705B9523AD868F0073D8E8 /* PeopleService.swift */,
				A763FFC523CA9D9300D489EA /* PeopleServiceFactory.swift */,
			);
			path = PeopleService;
			sourceTree = "<group>";
		};
		A797D67523C36ED7002D550F /* PeopleService */ = {
			isa = PBXGroup;
			children = (
				A77ACA9823C11EB200F9335D /* CoreDataPeopleServiceTests.swift */,
				A7705B9723AD86E70073D8E8 /* InMemoryPeopleServiceTests.swift */,
			);
			path = PeopleService;
			sourceTree = "<group>";
		};
		A797D67723C36F40002D550F /* ReceiptPositionService */ = {
			isa = PBXGroup;
			children = (
				A7794C38239D52E90001EB73 /* CoreDataReceiptPositionService.swift */,
				A7788B5123B3B6FD0059EB71 /* InMemoryReceiptPositionService.swift */,
				A7788B4F23B3B6CE0059EB71 /* ReceiptPositionService.swift */,
			);
			path = ReceiptPositionService;
			sourceTree = "<group>";
		};
		A797D67A23C3705A002D550F /* ReceiptPositionService */ = {
			isa = PBXGroup;
			children = (
				A75B79C4239EE4B000C740BB /* CoreDataReceiptPositionServiceTests.swift */,
				A77ACA9A23C1309800F9335D /* InMemoryReceiptPositionServiceTests.swift */,
			);
			path = ReceiptPositionService;
			sourceTree = "<group>";
		};
		A797D68323C3739E002D550F /* Extensions */ = {
			isa = PBXGroup;
			children = (
				A7C50A9523C00F760088DF12 /* Person+CoreDataTests.swift */,
				A7C50A9723C016760088DF12 /* ReceiptPosition+CoreDataTests.swift */,
			);
			path = Extensions;
			sourceTree = "<group>";
		};
		A797D68C23C376FA002D550F /* BillsDivider_ViewModel */ = {
			isa = PBXGroup;
			children = (
				A797D68D23C376FA002D550F /* BillsDivider_ViewModel.h */,
				A797D68E23C376FA002D550F /* Info.plist */,
				A7788B4423B398DD0059EB71 /* ReceiptViewModel.swift */,
				A7B7DE57238C5F1600D38BC8 /* SummaryViewModel.swift */,
				A734263723A1428100BAEFF0 /* EditOverlayViewModel */,
				A7D3FC0623E645D3001C8392 /* Extensions */,
				A791C73123E74D50003BF7E8 /* SettingsViewModel */,
			);
			path = BillsDivider_ViewModel;
			sourceTree = "<group>";
		};
		A797D69923C376FA002D550F /* BillsDivider_ViewModelTests */ = {
			isa = PBXGroup;
			children = (
				A797D69C23C376FA002D550F /* Info.plist */,
				A7794C3C239D5C4B0001EB73 /* Cases */,
				A797D6C023C37A47002D550F /* Doubles */,
			);
			path = BillsDivider_ViewModelTests;
			sourceTree = "<group>";
		};
		A797D6B323C377B2002D550F /* Frameworks */ = {
			isa = PBXGroup;
			children = (
			);
			name = Frameworks;
			sourceTree = "<group>";
		};
		A797D6C023C37A47002D550F /* Doubles */ = {
			isa = PBXGroup;
			children = (
				A75E802723A1773D00B549F9 /* EditOverlayStateDummy.swift */,
				A7705B9B23AD9C530073D8E8 /* PeopleServiceFake.swift */,
			);
			path = Doubles;
			sourceTree = "<group>";
		};
		A7D3FC0623E645D3001C8392 /* Extensions */ = {
			isa = PBXGroup;
			children = (
				A7D3FC0423E64599001C8392 /* BDColorExtensions.swift */,
			);
			path = Extensions;
			sourceTree = "<group>";
		};
		A7E100B12415A77B004FAFE0 /* Discount */ = {
			isa = PBXGroup;
			children = (
				A7E100AD24159628004FAFE0 /* DiscountPopoverView.swift */,
				A743338B2415BACC003979BB /* DiscountSectionView.swift */,
				A7D0B39B240F17A800821E93 /* DiscountTextFieldView.swift */,
			);
			path = Discount;
			sourceTree = "<group>";
		};
		A7F213AF238B410E0084B466 /* Summary */ = {
			isa = PBXGroup;
			children = (
				A7F213B1238B41310084B466 /* SummaryView.swift */,
			);
			path = Summary;
			sourceTree = "<group>";
		};
		A7FE5D0624089395001FFFCD /* Common */ = {
			isa = PBXGroup;
			children = (
				A7FE5D07240893A3001FFFCD /* Separator.swift */,
			);
			path = Common;
			sourceTree = "<group>";
		};
		A7FED224235CEF8A00CCD069 = {
			isa = PBXGroup;
			children = (
				A7FED22F235CEF8A00CCD069 /* BillsDivider */,
				A72B1A5123C2935100E09786 /* BillsDivider_Model */,
				A72B1A5E23C2935100E09786 /* BillsDivider_ModelTests */,
				A797D68C23C376FA002D550F /* BillsDivider_ViewModel */,
				A797D69923C376FA002D550F /* BillsDivider_ViewModelTests */,
				A774361B239AB696008F53B5 /* BillsDividerUITests */,
				A797D6B323C377B2002D550F /* Frameworks */,
				A7FED22E235CEF8A00CCD069 /* Products */,
			);
			sourceTree = "<group>";
		};
		A7FED22E235CEF8A00CCD069 /* Products */ = {
			isa = PBXGroup;
			children = (
				A7FED22D235CEF8A00CCD069 /* BillsDivider.app */,
				A774361A239AB696008F53B5 /* BillsDividerUITests.xctest */,
				A72B1A5023C2935100E09786 /* BillsDivider_Model.framework */,
				A72B1A5823C2935100E09786 /* BillsDivider_ModelTests.xctest */,
				A797D68B23C376FA002D550F /* BillsDivider_ViewModel.framework */,
				A797D69323C376FA002D550F /* BillsDivider_ViewModelTests.xctest */,
			);
			name = Products;
			sourceTree = "<group>";
		};
		A7FED22F235CEF8A00CCD069 /* BillsDivider */ = {
			isa = PBXGroup;
			children = (
				A7FED241235CEF8B00CCD069 /* Info.plist */,
				A7FED230235CEF8B00CCD069 /* AppDelegate.swift */,
				A7FED232235CEF8B00CCD069 /* SceneDelegate.swift */,
				A763FFC323CA99AB00D489EA /* Infrastructure */,
				A736A19A2369DDE90096C2E1 /* Resources */,
				A77936BD235CF66700EC64D0 /* Views */,
			);
			path = BillsDivider;
			sourceTree = "<group>";
		};
		A7FED23B235CEF8B00CCD069 /* Preview Content */ = {
			isa = PBXGroup;
			children = (
				A7FED23C235CEF8B00CCD069 /* Preview Assets.xcassets */,
			);
			path = "Preview Content";
			sourceTree = "<group>";
		};
/* End PBXGroup section */

/* Begin PBXHeadersBuildPhase section */
		A72B1A4B23C2935100E09786 /* Headers */ = {
			isa = PBXHeadersBuildPhase;
			buildActionMask = 2147483647;
			files = (
				A72B1A6223C2935100E09786 /* BillsDivider_Model.h in Headers */,
			);
			runOnlyForDeploymentPostprocessing = 0;
		};
		A797D68623C376FA002D550F /* Headers */ = {
			isa = PBXHeadersBuildPhase;
			buildActionMask = 2147483647;
			files = (
				A797D69D23C376FA002D550F /* BillsDivider_ViewModel.h in Headers */,
			);
			runOnlyForDeploymentPostprocessing = 0;
		};
/* End PBXHeadersBuildPhase section */

/* Begin PBXNativeTarget section */
		A72B1A4F23C2935100E09786 /* BillsDivider_Model */ = {
			isa = PBXNativeTarget;
			buildConfigurationList = A72B1A6C23C2935100E09786 /* Build configuration list for PBXNativeTarget "BillsDivider_Model" */;
			buildPhases = (
				A72B1A4B23C2935100E09786 /* Headers */,
				A72B1A4C23C2935100E09786 /* Sources */,
				A72B1A4D23C2935100E09786 /* Frameworks */,
				A72B1A4E23C2935100E09786 /* Resources */,
			);
			buildRules = (
			);
			dependencies = (
			);
			name = BillsDivider_Model;
			productName = BillsDivider_Model;
			productReference = A72B1A5023C2935100E09786 /* BillsDivider_Model.framework */;
			productType = "com.apple.product-type.framework";
		};
		A72B1A5723C2935100E09786 /* BillsDivider_ModelTests */ = {
			isa = PBXNativeTarget;
			buildConfigurationList = A72B1A6D23C2935100E09786 /* Build configuration list for PBXNativeTarget "BillsDivider_ModelTests" */;
			buildPhases = (
				A72B1A5423C2935100E09786 /* Sources */,
				A72B1A5523C2935100E09786 /* Frameworks */,
				A72B1A5623C2935100E09786 /* Resources */,
			);
			buildRules = (
			);
			dependencies = (
				A72B1A5B23C2935100E09786 /* PBXTargetDependency */,
			);
			name = BillsDivider_ModelTests;
			productName = BillsDivider_ModelTests;
			productReference = A72B1A5823C2935100E09786 /* BillsDivider_ModelTests.xctest */;
			productType = "com.apple.product-type.bundle.unit-test";
		};
		A7743619239AB696008F53B5 /* BillsDividerUITests */ = {
			isa = PBXNativeTarget;
			buildConfigurationList = A7743621239AB696008F53B5 /* Build configuration list for PBXNativeTarget "BillsDividerUITests" */;
			buildPhases = (
				A7743616239AB696008F53B5 /* Sources */,
				A7743617239AB696008F53B5 /* Frameworks */,
				A7743618239AB696008F53B5 /* Resources */,
			);
			buildRules = (
			);
			dependencies = (
				A7743620239AB696008F53B5 /* PBXTargetDependency */,
			);
			name = BillsDividerUITests;
			productName = BillsDividerUITests;
			productReference = A774361A239AB696008F53B5 /* BillsDividerUITests.xctest */;
			productType = "com.apple.product-type.bundle.ui-testing";
		};
		A797D68A23C376FA002D550F /* BillsDivider_ViewModel */ = {
			isa = PBXNativeTarget;
			buildConfigurationList = A797D6A223C376FA002D550F /* Build configuration list for PBXNativeTarget "BillsDivider_ViewModel" */;
			buildPhases = (
				A797D68623C376FA002D550F /* Headers */,
				A797D68723C376FA002D550F /* Sources */,
				A797D68823C376FA002D550F /* Frameworks */,
				A797D68923C376FA002D550F /* Resources */,
			);
			buildRules = (
			);
			dependencies = (
				A797D6B723C377B2002D550F /* PBXTargetDependency */,
			);
			name = BillsDivider_ViewModel;
			productName = BillsDivider_ViewModel;
			productReference = A797D68B23C376FA002D550F /* BillsDivider_ViewModel.framework */;
			productType = "com.apple.product-type.framework";
		};
		A797D69223C376FA002D550F /* BillsDivider_ViewModelTests */ = {
			isa = PBXNativeTarget;
			buildConfigurationList = A797D6A523C376FA002D550F /* Build configuration list for PBXNativeTarget "BillsDivider_ViewModelTests" */;
			buildPhases = (
				A797D68F23C376FA002D550F /* Sources */,
				A797D69023C376FA002D550F /* Frameworks */,
				A797D69123C376FA002D550F /* Resources */,
			);
			buildRules = (
			);
			dependencies = (
				A797D69623C376FA002D550F /* PBXTargetDependency */,
			);
			name = BillsDivider_ViewModelTests;
			productName = BillsDivider_ViewModelTests;
			productReference = A797D69323C376FA002D550F /* BillsDivider_ViewModelTests.xctest */;
			productType = "com.apple.product-type.bundle.unit-test";
		};
		A7FED22C235CEF8A00CCD069 /* BillsDivider */ = {
			isa = PBXNativeTarget;
			buildConfigurationList = A7FED25A235CEF8C00CCD069 /* Build configuration list for PBXNativeTarget "BillsDivider" */;
			buildPhases = (
				A7FED229235CEF8A00CCD069 /* Sources */,
				A7FED22A235CEF8A00CCD069 /* Frameworks */,
				A7FED22B235CEF8A00CCD069 /* Resources */,
				A72B1A6723C2935100E09786 /* Embed Frameworks */,
			);
			buildRules = (
			);
			dependencies = (
				A72B1A6423C2935100E09786 /* PBXTargetDependency */,
				A797D69F23C376FA002D550F /* PBXTargetDependency */,
			);
			name = BillsDivider;
			productName = BillsDivider;
			productReference = A7FED22D235CEF8A00CCD069 /* BillsDivider.app */;
			productType = "com.apple.product-type.application";
		};
/* End PBXNativeTarget section */

/* Begin PBXProject section */
		A7FED225235CEF8A00CCD069 /* Project object */ = {
			isa = PBXProject;
			attributes = {
				LastSwiftUpdateCheck = 1130;
				LastUpgradeCheck = 1100;
				ORGANIZATIONNAME = "Adrian Świątek";
				TargetAttributes = {
					A72B1A4F23C2935100E09786 = {
						CreatedOnToolsVersion = 11.3;
					};
					A72B1A5723C2935100E09786 = {
						CreatedOnToolsVersion = 11.3;
						LastSwiftMigration = 1130;
					};
					A7743619239AB696008F53B5 = {
						CreatedOnToolsVersion = 11.1;
						TestTargetID = A7FED22C235CEF8A00CCD069;
					};
					A797D68A23C376FA002D550F = {
						CreatedOnToolsVersion = 11.3;
					};
					A797D69223C376FA002D550F = {
						CreatedOnToolsVersion = 11.3;
					};
					A7FED22C235CEF8A00CCD069 = {
						CreatedOnToolsVersion = 11.0;
					};
				};
			};
			buildConfigurationList = A7FED228235CEF8A00CCD069 /* Build configuration list for PBXProject "BillsDivider" */;
			compatibilityVersion = "Xcode 9.3";
			developmentRegion = en;
			hasScannedForEncodings = 0;
			knownRegions = (
				en,
				Base,
			);
			mainGroup = A7FED224235CEF8A00CCD069;
			productRefGroup = A7FED22E235CEF8A00CCD069 /* Products */;
			projectDirPath = "";
			projectRoot = "";
			targets = (
				A7FED22C235CEF8A00CCD069 /* BillsDivider */,
				A7743619239AB696008F53B5 /* BillsDividerUITests */,
				A72B1A4F23C2935100E09786 /* BillsDivider_Model */,
				A72B1A5723C2935100E09786 /* BillsDivider_ModelTests */,
				A797D68A23C376FA002D550F /* BillsDivider_ViewModel */,
				A797D69223C376FA002D550F /* BillsDivider_ViewModelTests */,
			);
		};
/* End PBXProject section */

/* Begin PBXResourcesBuildPhase section */
		A72B1A4E23C2935100E09786 /* Resources */ = {
			isa = PBXResourcesBuildPhase;
			buildActionMask = 2147483647;
			files = (
			);
			runOnlyForDeploymentPostprocessing = 0;
		};
		A72B1A5623C2935100E09786 /* Resources */ = {
			isa = PBXResourcesBuildPhase;
			buildActionMask = 2147483647;
			files = (
			);
			runOnlyForDeploymentPostprocessing = 0;
		};
		A7743618239AB696008F53B5 /* Resources */ = {
			isa = PBXResourcesBuildPhase;
			buildActionMask = 2147483647;
			files = (
			);
			runOnlyForDeploymentPostprocessing = 0;
		};
		A797D68923C376FA002D550F /* Resources */ = {
			isa = PBXResourcesBuildPhase;
			buildActionMask = 2147483647;
			files = (
			);
			runOnlyForDeploymentPostprocessing = 0;
		};
		A797D69123C376FA002D550F /* Resources */ = {
			isa = PBXResourcesBuildPhase;
			buildActionMask = 2147483647;
			files = (
			);
			runOnlyForDeploymentPostprocessing = 0;
		};
		A7FED22B235CEF8A00CCD069 /* Resources */ = {
			isa = PBXResourcesBuildPhase;
			buildActionMask = 2147483647;
			files = (
				A7FED240235CEF8B00CCD069 /* LaunchScreen.storyboard in Resources */,
				A7FED23D235CEF8B00CCD069 /* Preview Assets.xcassets in Resources */,
				A7FED23A235CEF8B00CCD069 /* Assets.xcassets in Resources */,
			);
			runOnlyForDeploymentPostprocessing = 0;
		};
/* End PBXResourcesBuildPhase section */

/* Begin PBXSourcesBuildPhase section */
		A72B1A4C23C2935100E09786 /* Sources */ = {
			isa = PBXSourcesBuildPhase;
			buildActionMask = 2147483647;
			files = (
				A72B1A7323C293C400E09786 /* NumberFormatterExtensions.swift in Sources */,
				A797D67E23C3712B002D550F /* ReceiptPosition+CoreData.swift in Sources */,
				A797D67823C36F74002D550F /* InMemoryReceiptPositionService.swift in Sources */,
				A797D67C23C370F1002D550F /* CoreDataPeopleService.swift in Sources */,
				A7B7D9FD2411A7DF00625718 /* DecimalParser.swift in Sources */,
				A797D6C923C395B5002D550F /* People.swift in Sources */,
				A797D64A23C365C1002D550F /* Owner.swift in Sources */,
				A797D68023C37157002D550F /* CoreDataReceiptPositionService.swift in Sources */,
				A797D65023C36605002D550F /* PositionsDivider.swift in Sources */,
				A797D67323C36E42002D550F /* PeopleService.swift in Sources */,
				A797D67423C36E4A002D550F /* InMemoryPeopleService.swift in Sources */,
				A7479BB923E6291A0016C12A /* BDColor.swift in Sources */,
				A763FFC623CA9D9300D489EA /* PeopleServiceFactory.swift in Sources */,
				A797D64C23C365C1002D550F /* Buyer.swift in Sources */,
				A797D67923C36F79002D550F /* ReceiptPositionService.swift in Sources */,
				A797D65323C36642002D550F /* DivisionResult.swift in Sources */,
				A797D67F23C3712B002D550F /* Person+CoreData.swift in Sources */,
				A797D66623C36936002D550F /* InMemoryCoreDataStack.swift in Sources */,
				A708403523DCEE5000C91DEC /* SumResult.swift in Sources */,
				A797D64D23C365C1002D550F /* ReceiptPositions.swift in Sources */,
				A797D66723C36936002D550F /* SqliteCoreDataStack.swift in Sources */,
				A797D64B23C365C1002D550F /* Person.swift in Sources */,
				A797D67D23C3711A002D550F /* BillsDivider.xcdatamodeld in Sources */,
				A7479BB723E628F60016C12A /* PersonColors.swift in Sources */,
				A797D66523C36936002D550F /* CoreDataStack.swift in Sources */,
				A716602D23E639DF005329F6 /* UUIDExtensions.swift in Sources */,
			);
			runOnlyForDeploymentPostprocessing = 0;
		};
		A72B1A5423C2935100E09786 /* Sources */ = {
			isa = PBXSourcesBuildPhase;
			buildActionMask = 2147483647;
			files = (
				A797D66323C3671C002D550F /* OwnerTests.swift in Sources */,
				A797D67B23C37081002D550F /* InMemoryReceiptPositionServiceTests.swift in Sources */,
				A719DC922422E296008795DB /* DeciamlParserTests.swift in Sources */,
				A797D65C23C3670C002D550F /* PositionsDividerTests.swift in Sources */,
				A797D66223C3671C002D550F /* BuyerTests.swift in Sources */,
				A797D68523C373AD002D550F /* ReceiptPosition+CoreDataTests.swift in Sources */,
				A797D68423C373A9002D550F /* Person+CoreDataTests.swift in Sources */,
				A708403723DCEEAB00C91DEC /* SumResultTests.swift in Sources */,
				A797D67623C36EED002D550F /* InMemoryPeopleServiceTests.swift in Sources */,
				A797D66123C3671C002D550F /* PersonTests.swift in Sources */,
				A797D6CB23C3AA89002D550F /* PeopleTests.swift in Sources */,
				A797D65A23C36706002D550F /* DivisionResultTests.swift in Sources */,
				A797D66423C3671C002D550F /* ReceiptPositionTests.swift in Sources */,
				A797D68223C371FB002D550F /* CoreDataReceiptPositionServiceTests.swift in Sources */,
				A7479BB523E628D50016C12A /* PersonColorsTests.swift in Sources */,
				A797D68123C371F6002D550F /* CoreDataPeopleServiceTests.swift in Sources */,
			);
			runOnlyForDeploymentPostprocessing = 0;
		};
		A7743616239AB696008F53B5 /* Sources */ = {
			isa = PBXSourcesBuildPhase;
			buildActionMask = 2147483647;
			files = (
				A7873D2F23A83C3D008C9552 /* SettingsPage.swift in Sources */,
				A7385B5B239C696F00A41C09 /* TabBarPage.swift in Sources */,
				A7EB145E23C2581600894F99 /* SettingsUITests.swift in Sources */,
				A774361D239AB696008F53B5 /* ReceiptUITests.swift in Sources */,
				A7550E7B239BD7E60004797D /* ReceiptPage.swift in Sources */,
				A7385B5D239C6A1B00A41C09 /* TabsUITests.swift in Sources */,
				A70478C623A42DF6001AD82E /* EditOverlayUITests.swift in Sources */,
				A7550E7D239BD8050004797D /* Page.swift in Sources */,
				A7550E81239BDE6D0004797D /* EditOverlayPage.swift in Sources */,
				A7550E7F239BDE3D0004797D /* SummaryPage.swift in Sources */,
			);
			runOnlyForDeploymentPostprocessing = 0;
		};
		A797D68723C376FA002D550F /* Sources */ = {
			isa = PBXSourcesBuildPhase;
			buildActionMask = 2147483647;
			files = (
				A7E4096624170D820001CD55 /* PriceViewModel.swift in Sources */,
				A797D6A823C37714002D550F /* SummaryViewModel.swift in Sources */,
				A797D6AE23C37752002D550F /* EditingModeState.swift in Sources */,
				A797D6AC23C3774D002D550F /* EditOverlayViewModel.swift in Sources */,
				A7D3FC0723E6469B001C8392 /* BDColorExtensions.swift in Sources */,
				A797D6AD23C37752002D550F /* AddingModeState.swift in Sources */,
				A76AF8C223E38A910064551D /* PersonViewModel.swift in Sources */,
				A7E100B0241598A5004FAFE0 /* DiscountPopoverViewModel.swift in Sources */,
				A797D6A923C37714002D550F /* ReceiptViewModel.swift in Sources */,
				A797D6AA23C37714002D550F /* SettingsViewModel.swift in Sources */,
				A797D6AF23C37752002D550F /* EditOverlayState.swift in Sources */,
				A7E40968241718BC0001CD55 /* DiscountViewModel.swift in Sources */,
			);
			runOnlyForDeploymentPostprocessing = 0;
		};
		A797D68F23C376FA002D550F /* Sources */ = {
			isa = PBXSourcesBuildPhase;
			buildActionMask = 2147483647;
			files = (
				A797D6BC23C379B8002D550F /* SummaryViewModelTests.swift in Sources */,
				A797D6BD23C379BE002D550F /* EditOverlayViewModelTests.swift in Sources */,
				A7820836241EE1B200E4DB1C /* PriceViewModelTests.swift in Sources */,
				A797D6BA23C379B8002D550F /* ReceiptViewModelTests.swift in Sources */,
				A77FE85023F362D000354030 /* PersonViewModelTests.swift in Sources */,
				A797D6BB23C379B8002D550F /* SettingsViewModelTests.swift in Sources */,
				A797D6BF23C379C5002D550F /* EditingModeStateTests.swift in Sources */,
				A797D6C123C37A50002D550F /* EditOverlayStateDummy.swift in Sources */,
				A706C36124202C2800F50D8A /* DiscountViewModelTests.swift in Sources */,
				A706C363242042DB00F50D8A /* DiscountPopoverViewModelTests.swift in Sources */,
				A797D6BE23C379C5002D550F /* AddingModeStateTests.swift in Sources */,
				A797D6C223C37AE0002D550F /* PeopleServiceFake.swift in Sources */,
			);
			runOnlyForDeploymentPostprocessing = 0;
		};
		A7FED229235CEF8A00CCD069 /* Sources */ = {
			isa = PBXSourcesBuildPhase;
			buildActionMask = 2147483647;
			files = (
				A73E85FF23C939A000FAF4FA /* DependencyContainer.swift in Sources */,
				A7AC988623B6A01A003D8AE6 /* BuyerSectionView.swift in Sources */,
				A7FED231235CEF8B00CCD069 /* AppDelegate.swift in Sources */,
				A7AC988823B6A032003D8AE6 /* OwnerSectionView.swift in Sources */,
				A7EC7A9024185CA6006CBC41 /* EditOverlayViewModelFactory.swift in Sources */,
				A7788B4723B3991A0059EB71 /* ReceiptView.swift in Sources */,
				A7EB1152239EDDE100EEE4BC /* PreviewFactory.swift in Sources */,
				A77D54CB23819255003D7E9D /* PriceSectionView.swift in Sources */,
				A7D0B39C240F17A800821E93 /* DiscountTextFieldView.swift in Sources */,
				A736A1982369DAFF0096C2E1 /* ReceiptHeaderView.swift in Sources */,
				A743338C2415BACC003979BB /* DiscountSectionView.swift in Sources */,
				A7FE5D08240893A3001FFFCD /* Separator.swift in Sources */,
				A7E100AC241594A7004FAFE0 /* SectionLabel.swift in Sources */,
				A7A3336D23B3BD9300DBA26E /* EditOverlayViewParams.swift in Sources */,
				A736A1A22369EB5D0096C2E1 /* TabsView.swift in Sources */,
				A7FED233235CEF8B00CCD069 /* SceneDelegate.swift in Sources */,
				A7F213B2238B41310084B466 /* SummaryView.swift in Sources */,
				A7DCA29C24150F380084985A /* EditOverlayView.swift in Sources */,
				A7346B4423DE2F22000AA8F1 /* SettingsView.swift in Sources */,
				A73E860123C94B5800FAF4FA /* TabItem.swift in Sources */,
				A7E100AE24159628004FAFE0 /* DiscountPopoverView.swift in Sources */,
				A797D6B923C377EF002D550F /* EditOverlayViewFactory.swift in Sources */,
			);
			runOnlyForDeploymentPostprocessing = 0;
		};
/* End PBXSourcesBuildPhase section */

/* Begin PBXTargetDependency section */
		A72B1A5B23C2935100E09786 /* PBXTargetDependency */ = {
			isa = PBXTargetDependency;
			target = A72B1A4F23C2935100E09786 /* BillsDivider_Model */;
			targetProxy = A72B1A5A23C2935100E09786 /* PBXContainerItemProxy */;
		};
		A72B1A6423C2935100E09786 /* PBXTargetDependency */ = {
			isa = PBXTargetDependency;
			target = A72B1A4F23C2935100E09786 /* BillsDivider_Model */;
			targetProxy = A72B1A6323C2935100E09786 /* PBXContainerItemProxy */;
		};
		A7743620239AB696008F53B5 /* PBXTargetDependency */ = {
			isa = PBXTargetDependency;
			target = A7FED22C235CEF8A00CCD069 /* BillsDivider */;
			targetProxy = A774361F239AB696008F53B5 /* PBXContainerItemProxy */;
		};
		A797D69623C376FA002D550F /* PBXTargetDependency */ = {
			isa = PBXTargetDependency;
			target = A797D68A23C376FA002D550F /* BillsDivider_ViewModel */;
			targetProxy = A797D69523C376FA002D550F /* PBXContainerItemProxy */;
		};
		A797D69F23C376FA002D550F /* PBXTargetDependency */ = {
			isa = PBXTargetDependency;
			target = A797D68A23C376FA002D550F /* BillsDivider_ViewModel */;
			targetProxy = A797D69E23C376FA002D550F /* PBXContainerItemProxy */;
		};
		A797D6B723C377B2002D550F /* PBXTargetDependency */ = {
			isa = PBXTargetDependency;
			target = A72B1A4F23C2935100E09786 /* BillsDivider_Model */;
			targetProxy = A797D6B623C377B2002D550F /* PBXContainerItemProxy */;
		};
/* End PBXTargetDependency section */

/* Begin PBXVariantGroup section */
		A7FED23E235CEF8B00CCD069 /* LaunchScreen.storyboard */ = {
			isa = PBXVariantGroup;
			children = (
				A7FED23F235CEF8B00CCD069 /* Base */,
			);
			name = LaunchScreen.storyboard;
			sourceTree = "<group>";
		};
/* End PBXVariantGroup section */

/* Begin XCBuildConfiguration section */
		A72B1A6823C2935100E09786 /* Debug */ = {
			isa = XCBuildConfiguration;
			buildSettings = {
				CODE_SIGN_STYLE = Automatic;
				CURRENT_PROJECT_VERSION = 1;
				DEFINES_MODULE = YES;
				DERIVE_MACCATALYST_PRODUCT_BUNDLE_IDENTIFIER = NO;
				DEVELOPMENT_TEAM = Q924VJ4PLT;
				DYLIB_COMPATIBILITY_VERSION = 1;
				DYLIB_CURRENT_VERSION = 1;
				DYLIB_INSTALL_NAME_BASE = "@rpath";
				INFOPLIST_FILE = BillsDivider_Model/Info.plist;
				INSTALL_PATH = "$(LOCAL_LIBRARY_DIR)/Frameworks";
				IPHONEOS_DEPLOYMENT_TARGET = 13.0;
				LD_RUNPATH_SEARCH_PATHS = (
					"$(inherited)",
					"@executable_path/Frameworks",
					"@loader_path/Frameworks",
				);
				PRODUCT_BUNDLE_IDENTIFIER = "pl.aswiatek.BillsDivider-Model";
				PRODUCT_NAME = "$(TARGET_NAME:c99extidentifier)";
				SKIP_INSTALL = YES;
				SUPPORTS_MACCATALYST = NO;
				SWIFT_VERSION = 5.0;
				TARGETED_DEVICE_FAMILY = 1;
				VERSIONING_SYSTEM = "apple-generic";
				VERSION_INFO_PREFIX = "";
			};
			name = Debug;
		};
		A72B1A6923C2935100E09786 /* Release */ = {
			isa = XCBuildConfiguration;
			buildSettings = {
				CODE_SIGN_STYLE = Automatic;
				CURRENT_PROJECT_VERSION = 1;
				DEFINES_MODULE = YES;
				DERIVE_MACCATALYST_PRODUCT_BUNDLE_IDENTIFIER = NO;
				DEVELOPMENT_TEAM = Q924VJ4PLT;
				DYLIB_COMPATIBILITY_VERSION = 1;
				DYLIB_CURRENT_VERSION = 1;
				DYLIB_INSTALL_NAME_BASE = "@rpath";
				INFOPLIST_FILE = BillsDivider_Model/Info.plist;
				INSTALL_PATH = "$(LOCAL_LIBRARY_DIR)/Frameworks";
				IPHONEOS_DEPLOYMENT_TARGET = 13.0;
				LD_RUNPATH_SEARCH_PATHS = (
					"$(inherited)",
					"@executable_path/Frameworks",
					"@loader_path/Frameworks",
				);
				PRODUCT_BUNDLE_IDENTIFIER = "pl.aswiatek.BillsDivider-Model";
				PRODUCT_NAME = "$(TARGET_NAME:c99extidentifier)";
				SKIP_INSTALL = YES;
				SUPPORTS_MACCATALYST = NO;
				SWIFT_VERSION = 5.0;
				TARGETED_DEVICE_FAMILY = 1;
				VERSIONING_SYSTEM = "apple-generic";
				VERSION_INFO_PREFIX = "";
			};
			name = Release;
		};
		A72B1A6A23C2935100E09786 /* Debug */ = {
			isa = XCBuildConfiguration;
			buildSettings = {
				ALWAYS_EMBED_SWIFT_STANDARD_LIBRARIES = YES;
				CLANG_ENABLE_MODULES = YES;
				CODE_SIGN_STYLE = Automatic;
				DEVELOPMENT_TEAM = Q924VJ4PLT;
				INFOPLIST_FILE = BillsDivider_ModelTests/Info.plist;
				IPHONEOS_DEPLOYMENT_TARGET = 13.2;
				LD_RUNPATH_SEARCH_PATHS = (
					"$(inherited)",
					"@executable_path/Frameworks",
					"@loader_path/Frameworks",
				);
				PRODUCT_BUNDLE_IDENTIFIER = "pl.aswiatek.BillsDivider-ModelTests";
				PRODUCT_NAME = "$(TARGET_NAME)";
				SWIFT_OPTIMIZATION_LEVEL = "-Onone";
				SWIFT_VERSION = 5.0;
				TARGETED_DEVICE_FAMILY = "1,2";
			};
			name = Debug;
		};
		A72B1A6B23C2935100E09786 /* Release */ = {
			isa = XCBuildConfiguration;
			buildSettings = {
				ALWAYS_EMBED_SWIFT_STANDARD_LIBRARIES = YES;
				CLANG_ENABLE_MODULES = YES;
				CODE_SIGN_STYLE = Automatic;
				DEVELOPMENT_TEAM = Q924VJ4PLT;
				INFOPLIST_FILE = BillsDivider_ModelTests/Info.plist;
				IPHONEOS_DEPLOYMENT_TARGET = 13.2;
				LD_RUNPATH_SEARCH_PATHS = (
					"$(inherited)",
					"@executable_path/Frameworks",
					"@loader_path/Frameworks",
				);
				PRODUCT_BUNDLE_IDENTIFIER = "pl.aswiatek.BillsDivider-ModelTests";
				PRODUCT_NAME = "$(TARGET_NAME)";
				SWIFT_VERSION = 5.0;
				TARGETED_DEVICE_FAMILY = "1,2";
			};
			name = Release;
		};
		A7743622239AB696008F53B5 /* Debug */ = {
			isa = XCBuildConfiguration;
			buildSettings = {
				CODE_SIGN_STYLE = Automatic;
				DEVELOPMENT_TEAM = Q924VJ4PLT;
				INFOPLIST_FILE = BillsDividerUITests/Info.plist;
				IPHONEOS_DEPLOYMENT_TARGET = 13.1;
				LD_RUNPATH_SEARCH_PATHS = (
					"$(inherited)",
					"@executable_path/Frameworks",
					"@loader_path/Frameworks",
				);
				PRODUCT_BUNDLE_IDENTIFIER = pl.aswiatek.BillsDividerUITests;
				PRODUCT_NAME = "$(TARGET_NAME)";
				SWIFT_VERSION = 5.0;
				TARGETED_DEVICE_FAMILY = "1,2";
				TEST_TARGET_NAME = BillsDivider;
			};
			name = Debug;
		};
		A7743623239AB696008F53B5 /* Release */ = {
			isa = XCBuildConfiguration;
			buildSettings = {
				CODE_SIGN_STYLE = Automatic;
				DEVELOPMENT_TEAM = Q924VJ4PLT;
				INFOPLIST_FILE = BillsDividerUITests/Info.plist;
				IPHONEOS_DEPLOYMENT_TARGET = 13.1;
				LD_RUNPATH_SEARCH_PATHS = (
					"$(inherited)",
					"@executable_path/Frameworks",
					"@loader_path/Frameworks",
				);
				PRODUCT_BUNDLE_IDENTIFIER = pl.aswiatek.BillsDividerUITests;
				PRODUCT_NAME = "$(TARGET_NAME)";
				SWIFT_VERSION = 5.0;
				TARGETED_DEVICE_FAMILY = "1,2";
				TEST_TARGET_NAME = BillsDivider;
			};
			name = Release;
		};
		A797D6A323C376FA002D550F /* Debug */ = {
			isa = XCBuildConfiguration;
			buildSettings = {
				CODE_SIGN_STYLE = Automatic;
				CURRENT_PROJECT_VERSION = 1;
				DEFINES_MODULE = YES;
				DEVELOPMENT_TEAM = Q924VJ4PLT;
				DYLIB_COMPATIBILITY_VERSION = 1;
				DYLIB_CURRENT_VERSION = 1;
				DYLIB_INSTALL_NAME_BASE = "@rpath";
				INFOPLIST_FILE = BillsDivider_ViewModel/Info.plist;
				INSTALL_PATH = "$(LOCAL_LIBRARY_DIR)/Frameworks";
				IPHONEOS_DEPLOYMENT_TARGET = 13.0;
				LD_RUNPATH_SEARCH_PATHS = (
					"$(inherited)",
					"@executable_path/Frameworks",
					"@loader_path/Frameworks",
				);
				PRODUCT_BUNDLE_IDENTIFIER = "pl.aswiatek.BillsDivider-ViewModel";
				PRODUCT_NAME = "$(TARGET_NAME:c99extidentifier)";
				SKIP_INSTALL = YES;
				SUPPORTS_MACCATALYST = NO;
				SWIFT_VERSION = 5.0;
				TARGETED_DEVICE_FAMILY = 1;
				VERSIONING_SYSTEM = "apple-generic";
				VERSION_INFO_PREFIX = "";
			};
			name = Debug;
		};
		A797D6A423C376FA002D550F /* Release */ = {
			isa = XCBuildConfiguration;
			buildSettings = {
				CODE_SIGN_STYLE = Automatic;
				CURRENT_PROJECT_VERSION = 1;
				DEFINES_MODULE = YES;
				DEVELOPMENT_TEAM = Q924VJ4PLT;
				DYLIB_COMPATIBILITY_VERSION = 1;
				DYLIB_CURRENT_VERSION = 1;
				DYLIB_INSTALL_NAME_BASE = "@rpath";
				INFOPLIST_FILE = BillsDivider_ViewModel/Info.plist;
				INSTALL_PATH = "$(LOCAL_LIBRARY_DIR)/Frameworks";
				IPHONEOS_DEPLOYMENT_TARGET = 13.0;
				LD_RUNPATH_SEARCH_PATHS = (
					"$(inherited)",
					"@executable_path/Frameworks",
					"@loader_path/Frameworks",
				);
				PRODUCT_BUNDLE_IDENTIFIER = "pl.aswiatek.BillsDivider-ViewModel";
				PRODUCT_NAME = "$(TARGET_NAME:c99extidentifier)";
				SKIP_INSTALL = YES;
				SUPPORTS_MACCATALYST = NO;
				SWIFT_VERSION = 5.0;
				TARGETED_DEVICE_FAMILY = 1;
				VERSIONING_SYSTEM = "apple-generic";
				VERSION_INFO_PREFIX = "";
			};
			name = Release;
		};
		A797D6A623C376FA002D550F /* Debug */ = {
			isa = XCBuildConfiguration;
			buildSettings = {
				ALWAYS_EMBED_SWIFT_STANDARD_LIBRARIES = YES;
				CODE_SIGN_STYLE = Automatic;
				DEVELOPMENT_TEAM = Q924VJ4PLT;
				INFOPLIST_FILE = BillsDivider_ViewModelTests/Info.plist;
				IPHONEOS_DEPLOYMENT_TARGET = 13.2;
				LD_RUNPATH_SEARCH_PATHS = (
					"$(inherited)",
					"@executable_path/Frameworks",
					"@loader_path/Frameworks",
				);
				PRODUCT_BUNDLE_IDENTIFIER = "pl.aswiatek.BillsDivider-ViewModelTests";
				PRODUCT_NAME = "$(TARGET_NAME)";
				SWIFT_VERSION = 5.0;
				TARGETED_DEVICE_FAMILY = "1,2";
			};
			name = Debug;
		};
		A797D6A723C376FA002D550F /* Release */ = {
			isa = XCBuildConfiguration;
			buildSettings = {
				ALWAYS_EMBED_SWIFT_STANDARD_LIBRARIES = YES;
				CODE_SIGN_STYLE = Automatic;
				DEVELOPMENT_TEAM = Q924VJ4PLT;
				INFOPLIST_FILE = BillsDivider_ViewModelTests/Info.plist;
				IPHONEOS_DEPLOYMENT_TARGET = 13.2;
				LD_RUNPATH_SEARCH_PATHS = (
					"$(inherited)",
					"@executable_path/Frameworks",
					"@loader_path/Frameworks",
				);
				PRODUCT_BUNDLE_IDENTIFIER = "pl.aswiatek.BillsDivider-ViewModelTests";
				PRODUCT_NAME = "$(TARGET_NAME)";
				SWIFT_VERSION = 5.0;
				TARGETED_DEVICE_FAMILY = "1,2";
			};
			name = Release;
		};
		A7FED258235CEF8C00CCD069 /* Debug */ = {
			isa = XCBuildConfiguration;
			buildSettings = {
				ALWAYS_SEARCH_USER_PATHS = NO;
				CLANG_ANALYZER_NONNULL = YES;
				CLANG_ANALYZER_NUMBER_OBJECT_CONVERSION = YES_AGGRESSIVE;
				CLANG_CXX_LANGUAGE_STANDARD = "gnu++14";
				CLANG_CXX_LIBRARY = "libc++";
				CLANG_ENABLE_MODULES = YES;
				CLANG_ENABLE_OBJC_ARC = YES;
				CLANG_ENABLE_OBJC_WEAK = YES;
				CLANG_WARN_BLOCK_CAPTURE_AUTORELEASING = YES;
				CLANG_WARN_BOOL_CONVERSION = YES;
				CLANG_WARN_COMMA = YES;
				CLANG_WARN_CONSTANT_CONVERSION = YES;
				CLANG_WARN_DEPRECATED_OBJC_IMPLEMENTATIONS = YES;
				CLANG_WARN_DIRECT_OBJC_ISA_USAGE = YES_ERROR;
				CLANG_WARN_DOCUMENTATION_COMMENTS = YES;
				CLANG_WARN_EMPTY_BODY = YES;
				CLANG_WARN_ENUM_CONVERSION = YES;
				CLANG_WARN_INFINITE_RECURSION = YES;
				CLANG_WARN_INT_CONVERSION = YES;
				CLANG_WARN_NON_LITERAL_NULL_CONVERSION = YES;
				CLANG_WARN_OBJC_IMPLICIT_RETAIN_SELF = YES;
				CLANG_WARN_OBJC_LITERAL_CONVERSION = YES;
				CLANG_WARN_OBJC_ROOT_CLASS = YES_ERROR;
				CLANG_WARN_RANGE_LOOP_ANALYSIS = YES;
				CLANG_WARN_STRICT_PROTOTYPES = YES;
				CLANG_WARN_SUSPICIOUS_MOVE = YES;
				CLANG_WARN_UNGUARDED_AVAILABILITY = YES_AGGRESSIVE;
				CLANG_WARN_UNREACHABLE_CODE = YES;
				CLANG_WARN__DUPLICATE_METHOD_MATCH = YES;
				COPY_PHASE_STRIP = NO;
				DEBUG_INFORMATION_FORMAT = dwarf;
				ENABLE_STRICT_OBJC_MSGSEND = YES;
				ENABLE_TESTABILITY = YES;
				GCC_C_LANGUAGE_STANDARD = gnu11;
				GCC_DYNAMIC_NO_PIC = NO;
				GCC_NO_COMMON_BLOCKS = YES;
				GCC_OPTIMIZATION_LEVEL = 0;
				GCC_PREPROCESSOR_DEFINITIONS = (
					"DEBUG=1",
					"$(inherited)",
				);
				GCC_WARN_64_TO_32_BIT_CONVERSION = YES;
				GCC_WARN_ABOUT_RETURN_TYPE = YES_ERROR;
				GCC_WARN_UNDECLARED_SELECTOR = YES;
				GCC_WARN_UNINITIALIZED_AUTOS = YES_AGGRESSIVE;
				GCC_WARN_UNUSED_FUNCTION = YES;
				GCC_WARN_UNUSED_VARIABLE = YES;
				IPHONEOS_DEPLOYMENT_TARGET = 13.0;
				MTL_ENABLE_DEBUG_INFO = INCLUDE_SOURCE;
				MTL_FAST_MATH = YES;
				ONLY_ACTIVE_ARCH = YES;
				SDKROOT = iphoneos;
				SWIFT_ACTIVE_COMPILATION_CONDITIONS = DEBUG;
				SWIFT_OPTIMIZATION_LEVEL = "-Onone";
			};
			name = Debug;
		};
		A7FED259235CEF8C00CCD069 /* Release */ = {
			isa = XCBuildConfiguration;
			buildSettings = {
				ALWAYS_SEARCH_USER_PATHS = NO;
				CLANG_ANALYZER_NONNULL = YES;
				CLANG_ANALYZER_NUMBER_OBJECT_CONVERSION = YES_AGGRESSIVE;
				CLANG_CXX_LANGUAGE_STANDARD = "gnu++14";
				CLANG_CXX_LIBRARY = "libc++";
				CLANG_ENABLE_MODULES = YES;
				CLANG_ENABLE_OBJC_ARC = YES;
				CLANG_ENABLE_OBJC_WEAK = YES;
				CLANG_WARN_BLOCK_CAPTURE_AUTORELEASING = YES;
				CLANG_WARN_BOOL_CONVERSION = YES;
				CLANG_WARN_COMMA = YES;
				CLANG_WARN_CONSTANT_CONVERSION = YES;
				CLANG_WARN_DEPRECATED_OBJC_IMPLEMENTATIONS = YES;
				CLANG_WARN_DIRECT_OBJC_ISA_USAGE = YES_ERROR;
				CLANG_WARN_DOCUMENTATION_COMMENTS = YES;
				CLANG_WARN_EMPTY_BODY = YES;
				CLANG_WARN_ENUM_CONVERSION = YES;
				CLANG_WARN_INFINITE_RECURSION = YES;
				CLANG_WARN_INT_CONVERSION = YES;
				CLANG_WARN_NON_LITERAL_NULL_CONVERSION = YES;
				CLANG_WARN_OBJC_IMPLICIT_RETAIN_SELF = YES;
				CLANG_WARN_OBJC_LITERAL_CONVERSION = YES;
				CLANG_WARN_OBJC_ROOT_CLASS = YES_ERROR;
				CLANG_WARN_RANGE_LOOP_ANALYSIS = YES;
				CLANG_WARN_STRICT_PROTOTYPES = YES;
				CLANG_WARN_SUSPICIOUS_MOVE = YES;
				CLANG_WARN_UNGUARDED_AVAILABILITY = YES_AGGRESSIVE;
				CLANG_WARN_UNREACHABLE_CODE = YES;
				CLANG_WARN__DUPLICATE_METHOD_MATCH = YES;
				COPY_PHASE_STRIP = NO;
				DEBUG_INFORMATION_FORMAT = "dwarf-with-dsym";
				ENABLE_NS_ASSERTIONS = NO;
				ENABLE_STRICT_OBJC_MSGSEND = YES;
				GCC_C_LANGUAGE_STANDARD = gnu11;
				GCC_NO_COMMON_BLOCKS = YES;
				GCC_WARN_64_TO_32_BIT_CONVERSION = YES;
				GCC_WARN_ABOUT_RETURN_TYPE = YES_ERROR;
				GCC_WARN_UNDECLARED_SELECTOR = YES;
				GCC_WARN_UNINITIALIZED_AUTOS = YES_AGGRESSIVE;
				GCC_WARN_UNUSED_FUNCTION = YES;
				GCC_WARN_UNUSED_VARIABLE = YES;
				IPHONEOS_DEPLOYMENT_TARGET = 13.0;
				MTL_ENABLE_DEBUG_INFO = NO;
				MTL_FAST_MATH = YES;
				SDKROOT = iphoneos;
				SWIFT_COMPILATION_MODE = wholemodule;
				SWIFT_OPTIMIZATION_LEVEL = "-O";
				VALIDATE_PRODUCT = YES;
			};
			name = Release;
		};
		A7FED25B235CEF8C00CCD069 /* Debug */ = {
			isa = XCBuildConfiguration;
			buildSettings = {
				ALWAYS_EMBED_SWIFT_STANDARD_LIBRARIES = YES;
				ASSETCATALOG_COMPILER_APPICON_NAME = AppIcon;
				CODE_SIGN_STYLE = Automatic;
				DEVELOPMENT_ASSET_PATHS = "\"BillsDivider/Resources/Preview Content\"";
				DEVELOPMENT_TEAM = Q924VJ4PLT;
				ENABLE_PREVIEWS = YES;
				INFOPLIST_FILE = BillsDivider/Info.plist;
				LD_RUNPATH_SEARCH_PATHS = (
					"$(inherited)",
					"@executable_path/Frameworks",
				);
				MARKETING_VERSION = 0.2;
				PRODUCT_BUNDLE_IDENTIFIER = pl.aswiatek.BillsDivider;
				PRODUCT_NAME = "$(TARGET_NAME)";
				SWIFT_VERSION = 5.0;
				TARGETED_DEVICE_FAMILY = 1;
			};
			name = Debug;
		};
		A7FED25C235CEF8C00CCD069 /* Release */ = {
			isa = XCBuildConfiguration;
			buildSettings = {
				ALWAYS_EMBED_SWIFT_STANDARD_LIBRARIES = YES;
				ASSETCATALOG_COMPILER_APPICON_NAME = AppIcon;
				CODE_SIGN_STYLE = Automatic;
				DEVELOPMENT_ASSET_PATHS = "\"BillsDivider/Resources/Preview Content\"";
				DEVELOPMENT_TEAM = Q924VJ4PLT;
				ENABLE_PREVIEWS = YES;
				INFOPLIST_FILE = BillsDivider/Info.plist;
				LD_RUNPATH_SEARCH_PATHS = (
					"$(inherited)",
					"@executable_path/Frameworks",
				);
				MARKETING_VERSION = 0.2;
				PRODUCT_BUNDLE_IDENTIFIER = pl.aswiatek.BillsDivider;
				PRODUCT_NAME = "$(TARGET_NAME)";
				SWIFT_VERSION = 5.0;
				TARGETED_DEVICE_FAMILY = 1;
			};
			name = Release;
		};
/* End XCBuildConfiguration section */

/* Begin XCConfigurationList section */
		A72B1A6C23C2935100E09786 /* Build configuration list for PBXNativeTarget "BillsDivider_Model" */ = {
			isa = XCConfigurationList;
			buildConfigurations = (
				A72B1A6823C2935100E09786 /* Debug */,
				A72B1A6923C2935100E09786 /* Release */,
			);
			defaultConfigurationIsVisible = 0;
			defaultConfigurationName = Release;
		};
		A72B1A6D23C2935100E09786 /* Build configuration list for PBXNativeTarget "BillsDivider_ModelTests" */ = {
			isa = XCConfigurationList;
			buildConfigurations = (
				A72B1A6A23C2935100E09786 /* Debug */,
				A72B1A6B23C2935100E09786 /* Release */,
			);
			defaultConfigurationIsVisible = 0;
			defaultConfigurationName = Release;
		};
		A7743621239AB696008F53B5 /* Build configuration list for PBXNativeTarget "BillsDividerUITests" */ = {
			isa = XCConfigurationList;
			buildConfigurations = (
				A7743622239AB696008F53B5 /* Debug */,
				A7743623239AB696008F53B5 /* Release */,
			);
			defaultConfigurationIsVisible = 0;
			defaultConfigurationName = Release;
		};
		A797D6A223C376FA002D550F /* Build configuration list for PBXNativeTarget "BillsDivider_ViewModel" */ = {
			isa = XCConfigurationList;
			buildConfigurations = (
				A797D6A323C376FA002D550F /* Debug */,
				A797D6A423C376FA002D550F /* Release */,
			);
			defaultConfigurationIsVisible = 0;
			defaultConfigurationName = Release;
		};
		A797D6A523C376FA002D550F /* Build configuration list for PBXNativeTarget "BillsDivider_ViewModelTests" */ = {
			isa = XCConfigurationList;
			buildConfigurations = (
				A797D6A623C376FA002D550F /* Debug */,
				A797D6A723C376FA002D550F /* Release */,
			);
			defaultConfigurationIsVisible = 0;
			defaultConfigurationName = Release;
		};
		A7FED228235CEF8A00CCD069 /* Build configuration list for PBXProject "BillsDivider" */ = {
			isa = XCConfigurationList;
			buildConfigurations = (
				A7FED258235CEF8C00CCD069 /* Debug */,
				A7FED259235CEF8C00CCD069 /* Release */,
			);
			defaultConfigurationIsVisible = 0;
			defaultConfigurationName = Release;
		};
		A7FED25A235CEF8C00CCD069 /* Build configuration list for PBXNativeTarget "BillsDivider" */ = {
			isa = XCConfigurationList;
			buildConfigurations = (
				A7FED25B235CEF8C00CCD069 /* Debug */,
				A7FED25C235CEF8C00CCD069 /* Release */,
			);
			defaultConfigurationIsVisible = 0;
			defaultConfigurationName = Release;
		};
/* End XCConfigurationList section */

/* Begin XCVersionGroup section */
		A7FED234235CEF8B00CCD069 /* BillsDivider.xcdatamodeld */ = {
			isa = XCVersionGroup;
			children = (
				A7FED235235CEF8B00CCD069 /* BillsDivider.xcdatamodel */,
			);
			currentVersion = A7FED235235CEF8B00CCD069 /* BillsDivider.xcdatamodel */;
			path = BillsDivider.xcdatamodeld;
			sourceTree = "<group>";
			versionGroupType = wrapper.xcdatamodel;
		};
/* End XCVersionGroup section */
	};
	rootObject = A7FED225235CEF8A00CCD069 /* Project object */;
}
